// !$*UTF8*$!
{
	archiveVersion = 1;
	classes = {
	};
	objectVersion = 46;
	objects = {

/* Begin PBXBuildFile section */
		73984ACB1DAF50B4000D98E1 /* main.m in Sources */ = {isa = PBXBuildFile; fileRef = 73984ACA1DAF50B4000D98E1 /* main.m */; };
		73984ACE1DAF50B4000D98E1 /* AppDelegate.m in Sources */ = {isa = PBXBuildFile; fileRef = 73984ACD1DAF50B4000D98E1 /* AppDelegate.m */; };
		73984AD11DAF50B4000D98E1 /* ViewController.m in Sources */ = {isa = PBXBuildFile; fileRef = 73984AD01DAF50B4000D98E1 /* ViewController.m */; };
		73984AD41DAF50B4000D98E1 /* Main.storyboard in Resources */ = {isa = PBXBuildFile; fileRef = 73984AD21DAF50B4000D98E1 /* Main.storyboard */; };
		73984AD61DAF50B4000D98E1 /* Assets.xcassets in Resources */ = {isa = PBXBuildFile; fileRef = 73984AD51DAF50B4000D98E1 /* Assets.xcassets */; };
		73984AD91DAF50B4000D98E1 /* LaunchScreen.storyboard in Resources */ = {isa = PBXBuildFile; fileRef = 73984AD71DAF50B4000D98E1 /* LaunchScreen.storyboard */; };
		73984AE41DAF50B4000D98E1 /* TableViewTests.m in Sources */ = {isa = PBXBuildFile; fileRef = 73984AE31DAF50B4000D98E1 /* TableViewTests.m */; };
		73984AEF1DAF50B4000D98E1 /* TableViewUITests.m in Sources */ = {isa = PBXBuildFile; fileRef = 73984AEE1DAF50B4000D98E1 /* TableViewUITests.m */; };
		73D750D81DAF718E00C05786 /* bear.jpg in Resources */ = {isa = PBXBuildFile; fileRef = 73D750B91DAF718E00C05786 /* bear.jpg */; };
		73D750D91DAF718E00C05786 /* black_swan.jpg in Resources */ = {isa = PBXBuildFile; fileRef = 73D750BA1DAF718E00C05786 /* black_swan.jpg */; };
		73D750DA1DAF718E00C05786 /* buffalo.jpg in Resources */ = {isa = PBXBuildFile; fileRef = 73D750BB1DAF718E00C05786 /* buffalo.jpg */; };
		73D750DB1DAF718E00C05786 /* camel.jpg in Resources */ = {isa = PBXBuildFile; fileRef = 73D750BC1DAF718E00C05786 /* camel.jpg */; };
		73D750DC1DAF718E00C05786 /* cockatoo.jpg in Resources */ = {isa = PBXBuildFile; fileRef = 73D750BD1DAF718E00C05786 /* cockatoo.jpg */; };
		73D750DD1DAF718E00C05786 /* dog.jpg in Resources */ = {isa = PBXBuildFile; fileRef = 73D750BE1DAF718E00C05786 /* dog.jpg */; };
		73D750DE1DAF718E00C05786 /* donkey.jpg in Resources */ = {isa = PBXBuildFile; fileRef = 73D750BF1DAF718E00C05786 /* donkey.jpg */; };
		73D750DF1DAF718E00C05786 /* duck.jpg in Resources */ = {isa = PBXBuildFile; fileRef = 73D750C01DAF718E00C05786 /* duck.jpg */; };
		73D750E01DAF718E00C05786 /* elephant.jpg in Resources */ = {isa = PBXBuildFile; fileRef = 73D750C11DAF718E00C05786 /* elephant.jpg */; };
		73D750E11DAF718E00C05786 /* emu.jpg in Resources */ = {isa = PBXBuildFile; fileRef = 73D750C21DAF718E00C05786 /* emu.jpg */; };
		73D750E21DAF718E00C05786 /* giraffe.jpg in Resources */ = {isa = PBXBuildFile; fileRef = 73D750C31DAF718E00C05786 /* giraffe.jpg */; };
		73D750E31DAF718E00C05786 /* greater_rhea.jpg in Resources */ = {isa = PBXBuildFile; fileRef = 73D750C41DAF718E00C05786 /* greater_rhea.jpg */; };
		73D750E41DAF718E00C05786 /* guinea_pig.jpg in Resources */ = {isa = PBXBuildFile; fileRef = 73D750C51DAF718E00C05786 /* guinea_pig.jpg */; };
		73D750E51DAF718E00C05786 /* hippopotamus.jpg in Resources */ = {isa = PBXBuildFile; fileRef = 73D750C61DAF718E00C05786 /* hippopotamus.jpg */; };
		73D750E61DAF718E00C05786 /* horse.jpg in Resources */ = {isa = PBXBuildFile; fileRef = 73D750C71DAF718E00C05786 /* horse.jpg */; };
		73D750E71DAF718E00C05786 /* koala.jpg in Resources */ = {isa = PBXBuildFile; fileRef = 73D750C81DAF718E00C05786 /* koala.jpg */; };
		73D750E81DAF718E00C05786 /* lion.jpg in Resources */ = {isa = PBXBuildFile; fileRef = 73D750C91DAF718E00C05786 /* lion.jpg */; };
		73D750E91DAF718E00C05786 /* llama.jpg in Resources */ = {isa = PBXBuildFile; fileRef = 73D750CA1DAF718E00C05786 /* llama.jpg */; };
		73D750EA1DAF718E00C05786 /* manatus.jpg in Resources */ = {isa = PBXBuildFile; fileRef = 73D750CB1DAF718E00C05786 /* manatus.jpg */; };
		73D750EB1DAF718E00C05786 /* meerkat.jpg in Resources */ = {isa = PBXBuildFile; fileRef = 73D750CC1DAF718E00C05786 /* meerkat.jpg */; };
		73D750EC1DAF718E00C05786 /* panda.jpg in Resources */ = {isa = PBXBuildFile; fileRef = 73D750CD1DAF718E00C05786 /* panda.jpg */; };
		73D750ED1DAF718E00C05786 /* peacock.jpg in Resources */ = {isa = PBXBuildFile; fileRef = 73D750CE1DAF718E00C05786 /* peacock.jpg */; };
		73D750EE1DAF718E00C05786 /* pig.jpg in Resources */ = {isa = PBXBuildFile; fileRef = 73D750CF1DAF718E00C05786 /* pig.jpg */; };
		73D750EF1DAF718E00C05786 /* platypus.jpg in Resources */ = {isa = PBXBuildFile; fileRef = 73D750D01DAF718E00C05786 /* platypus.jpg */; };
		73D750F01DAF718E00C05786 /* polar_bear.jpg in Resources */ = {isa = PBXBuildFile; fileRef = 73D750D11DAF718E00C05786 /* polar_bear.jpg */; };
		73D750F11DAF718E00C05786 /* rhinoceros.jpg in Resources */ = {isa = PBXBuildFile; fileRef = 73D750D21DAF718E00C05786 /* rhinoceros.jpg */; };
		73D750F21DAF718E00C05786 /* seagull.jpg in Resources */ = {isa = PBXBuildFile; fileRef = 73D750D31DAF718E00C05786 /* seagull.jpg */; };
		73D750F31DAF718E00C05786 /* tasmania_devil.jpg in Resources */ = {isa = PBXBuildFile; fileRef = 73D750D41DAF718E00C05786 /* tasmania_devil.jpg */; };
		73D750F41DAF718E00C05786 /* whale_shark.jpg in Resources */ = {isa = PBXBuildFile; fileRef = 73D750D51DAF718E00C05786 /* whale_shark.jpg */; };
		73D750F51DAF718E00C05786 /* whale.jpg in Resources */ = {isa = PBXBuildFile; fileRef = 73D750D61DAF718E00C05786 /* whale.jpg */; };
		73D750F61DAF718E00C05786 /* wombat.jpg in Resources */ = {isa = PBXBuildFile; fileRef = 73D750D71DAF718E00C05786 /* wombat.jpg */; };
/* End PBXBuildFile section */

/* Begin PBXContainerItemProxy section */
		73984AE01DAF50B4000D98E1 /* PBXContainerItemProxy */ = {
			isa = PBXContainerItemProxy;
			containerPortal = 73984ABE1DAF50B4000D98E1 /* Project object */;
			proxyType = 1;
			remoteGlobalIDString = 73984AC51DAF50B4000D98E1;
			remoteInfo = TableView;
		};
		73984AEB1DAF50B4000D98E1 /* PBXContainerItemProxy */ = {
			isa = PBXContainerItemProxy;
			containerPortal = 73984ABE1DAF50B4000D98E1 /* Project object */;
			proxyType = 1;
			remoteGlobalIDString = 73984AC51DAF50B4000D98E1;
			remoteInfo = TableView;
		};
/* End PBXContainerItemProxy section */

/* Begin PBXFileReference section */
		73984AC61DAF50B4000D98E1 /* TableView.app */ = {isa = PBXFileReference; explicitFileType = wrapper.application; includeInIndex = 0; path = TableView.app; sourceTree = BUILT_PRODUCTS_DIR; };
		73984ACA1DAF50B4000D98E1 /* main.m */ = {isa = PBXFileReference; lastKnownFileType = sourcecode.c.objc; path = main.m; sourceTree = "<group>"; };
		73984ACC1DAF50B4000D98E1 /* AppDelegate.h */ = {isa = PBXFileReference; lastKnownFileType = sourcecode.c.h; path = AppDelegate.h; sourceTree = "<group>"; };
		73984ACD1DAF50B4000D98E1 /* AppDelegate.m */ = {isa = PBXFileReference; lastKnownFileType = sourcecode.c.objc; path = AppDelegate.m; sourceTree = "<group>"; };
		73984ACF1DAF50B4000D98E1 /* ViewController.h */ = {isa = PBXFileReference; lastKnownFileType = sourcecode.c.h; path = ViewController.h; sourceTree = "<group>"; };
		73984AD01DAF50B4000D98E1 /* ViewController.m */ = {isa = PBXFileReference; lastKnownFileType = sourcecode.c.objc; path = ViewController.m; sourceTree = "<group>"; };
		73984AD31DAF50B4000D98E1 /* Base */ = {isa = PBXFileReference; lastKnownFileType = file.storyboard; name = Base; path = Base.lproj/Main.storyboard; sourceTree = "<group>"; };
		73984AD51DAF50B4000D98E1 /* Assets.xcassets */ = {isa = PBXFileReference; lastKnownFileType = folder.assetcatalog; path = Assets.xcassets; sourceTree = "<group>"; };
		73984AD81DAF50B4000D98E1 /* Base */ = {isa = PBXFileReference; lastKnownFileType = file.storyboard; name = Base; path = Base.lproj/LaunchScreen.storyboard; sourceTree = "<group>"; };
		73984ADA1DAF50B4000D98E1 /* Info.plist */ = {isa = PBXFileReference; lastKnownFileType = text.plist.xml; path = Info.plist; sourceTree = "<group>"; };
		73984ADF1DAF50B4000D98E1 /* TableViewTests.xctest */ = {isa = PBXFileReference; explicitFileType = wrapper.cfbundle; includeInIndex = 0; path = TableViewTests.xctest; sourceTree = BUILT_PRODUCTS_DIR; };
		73984AE31DAF50B4000D98E1 /* TableViewTests.m */ = {isa = PBXFileReference; lastKnownFileType = sourcecode.c.objc; path = TableViewTests.m; sourceTree = "<group>"; };
		73984AE51DAF50B4000D98E1 /* Info.plist */ = {isa = PBXFileReference; lastKnownFileType = text.plist.xml; path = Info.plist; sourceTree = "<group>"; };
		73984AEA1DAF50B4000D98E1 /* TableViewUITests.xctest */ = {isa = PBXFileReference; explicitFileType = wrapper.cfbundle; includeInIndex = 0; path = TableViewUITests.xctest; sourceTree = BUILT_PRODUCTS_DIR; };
		73984AEE1DAF50B4000D98E1 /* TableViewUITests.m */ = {isa = PBXFileReference; lastKnownFileType = sourcecode.c.objc; path = TableViewUITests.m; sourceTree = "<group>"; };
		73984AF01DAF50B4000D98E1 /* Info.plist */ = {isa = PBXFileReference; lastKnownFileType = text.plist.xml; path = Info.plist; sourceTree = "<group>"; };
		73D750B91DAF718E00C05786 /* bear.jpg */ = {isa = PBXFileReference; lastKnownFileType = image.jpeg; path = bear.jpg; sourceTree = "<group>"; };
		73D750BA1DAF718E00C05786 /* black_swan.jpg */ = {isa = PBXFileReference; lastKnownFileType = image.jpeg; path = black_swan.jpg; sourceTree = "<group>"; };
		73D750BB1DAF718E00C05786 /* buffalo.jpg */ = {isa = PBXFileReference; lastKnownFileType = image.jpeg; path = buffalo.jpg; sourceTree = "<group>"; };
		73D750BC1DAF718E00C05786 /* camel.jpg */ = {isa = PBXFileReference; lastKnownFileType = image.jpeg; path = camel.jpg; sourceTree = "<group>"; };
		73D750BD1DAF718E00C05786 /* cockatoo.jpg */ = {isa = PBXFileReference; lastKnownFileType = image.jpeg; path = cockatoo.jpg; sourceTree = "<group>"; };
		73D750BE1DAF718E00C05786 /* dog.jpg */ = {isa = PBXFileReference; lastKnownFileType = image.jpeg; path = dog.jpg; sourceTree = "<group>"; };
		73D750BF1DAF718E00C05786 /* donkey.jpg */ = {isa = PBXFileReference; lastKnownFileType = image.jpeg; path = donkey.jpg; sourceTree = "<group>"; };
		73D750C01DAF718E00C05786 /* duck.jpg */ = {isa = PBXFileReference; lastKnownFileType = image.jpeg; path = duck.jpg; sourceTree = "<group>"; };
		73D750C11DAF718E00C05786 /* elephant.jpg */ = {isa = PBXFileReference; lastKnownFileType = image.jpeg; path = elephant.jpg; sourceTree = "<group>"; };
		73D750C21DAF718E00C05786 /* emu.jpg */ = {isa = PBXFileReference; lastKnownFileType = image.jpeg; path = emu.jpg; sourceTree = "<group>"; };
		73D750C31DAF718E00C05786 /* giraffe.jpg */ = {isa = PBXFileReference; lastKnownFileType = image.jpeg; path = giraffe.jpg; sourceTree = "<group>"; };
		73D750C41DAF718E00C05786 /* greater_rhea.jpg */ = {isa = PBXFileReference; lastKnownFileType = image.jpeg; path = greater_rhea.jpg; sourceTree = "<group>"; };
		73D750C51DAF718E00C05786 /* guinea_pig.jpg */ = {isa = PBXFileReference; lastKnownFileType = image.jpeg; path = guinea_pig.jpg; sourceTree = "<group>"; };
		73D750C61DAF718E00C05786 /* hippopotamus.jpg */ = {isa = PBXFileReference; lastKnownFileType = image.jpeg; path = hippopotamus.jpg; sourceTree = "<group>"; };
		73D750C71DAF718E00C05786 /* horse.jpg */ = {isa = PBXFileReference; lastKnownFileType = image.jpeg; path = horse.jpg; sourceTree = "<group>"; };
		73D750C81DAF718E00C05786 /* koala.jpg */ = {isa = PBXFileReference; lastKnownFileType = image.jpeg; path = koala.jpg; sourceTree = "<group>"; };
		73D750C91DAF718E00C05786 /* lion.jpg */ = {isa = PBXFileReference; lastKnownFileType = image.jpeg; path = lion.jpg; sourceTree = "<group>"; };
		73D750CA1DAF718E00C05786 /* llama.jpg */ = {isa = PBXFileReference; lastKnownFileType = image.jpeg; path = llama.jpg; sourceTree = "<group>"; };
		73D750CB1DAF718E00C05786 /* manatus.jpg */ = {isa = PBXFileReference; lastKnownFileType = image.jpeg; path = manatus.jpg; sourceTree = "<group>"; };
		73D750CC1DAF718E00C05786 /* meerkat.jpg */ = {isa = PBXFileReference; lastKnownFileType = image.jpeg; path = meerkat.jpg; sourceTree = "<group>"; };
		73D750CD1DAF718E00C05786 /* panda.jpg */ = {isa = PBXFileReference; lastKnownFileType = image.jpeg; path = panda.jpg; sourceTree = "<group>"; };
		73D750CE1DAF718E00C05786 /* peacock.jpg */ = {isa = PBXFileReference; lastKnownFileType = image.jpeg; path = peacock.jpg; sourceTree = "<group>"; };
		73D750CF1DAF718E00C05786 /* pig.jpg */ = {isa = PBXFileReference; lastKnownFileType = image.jpeg; path = pig.jpg; sourceTree = "<group>"; };
		73D750D01DAF718E00C05786 /* platypus.jpg */ = {isa = PBXFileReference; lastKnownFileType = image.jpeg; path = platypus.jpg; sourceTree = "<group>"; };
		73D750D11DAF718E00C05786 /* polar_bear.jpg */ = {isa = PBXFileReference; lastKnownFileType = image.jpeg; path = polar_bear.jpg; sourceTree = "<group>"; };
		73D750D21DAF718E00C05786 /* rhinoceros.jpg */ = {isa = PBXFileReference; lastKnownFileType = image.jpeg; path = rhinoceros.jpg; sourceTree = "<group>"; };
		73D750D31DAF718E00C05786 /* seagull.jpg */ = {isa = PBXFileReference; lastKnownFileType = image.jpeg; path = seagull.jpg; sourceTree = "<group>"; };
		73D750D41DAF718E00C05786 /* tasmania_devil.jpg */ = {isa = PBXFileReference; lastKnownFileType = image.jpeg; path = tasmania_devil.jpg; sourceTree = "<group>"; };
		73D750D51DAF718E00C05786 /* whale_shark.jpg */ = {isa = PBXFileReference; lastKnownFileType = image.jpeg; path = whale_shark.jpg; sourceTree = "<group>"; };
		73D750D61DAF718E00C05786 /* whale.jpg */ = {isa = PBXFileReference; lastKnownFileType = image.jpeg; path = whale.jpg; sourceTree = "<group>"; };
		73D750D71DAF718E00C05786 /* wombat.jpg */ = {isa = PBXFileReference; lastKnownFileType = image.jpeg; path = wombat.jpg; sourceTree = "<group>"; };
/* End PBXFileReference section */

/* Begin PBXFrameworksBuildPhase section */
		73984AC31DAF50B4000D98E1 /* Frameworks */ = {
			isa = PBXFrameworksBuildPhase;
			buildActionMask = 2147483647;
			files = (
			);
			runOnlyForDeploymentPostprocessing = 0;
		};
		73984ADC1DAF50B4000D98E1 /* Frameworks */ = {
			isa = PBXFrameworksBuildPhase;
			buildActionMask = 2147483647;
			files = (
			);
			runOnlyForDeploymentPostprocessing = 0;
		};
		73984AE71DAF50B4000D98E1 /* Frameworks */ = {
			isa = PBXFrameworksBuildPhase;
			buildActionMask = 2147483647;
			files = (
			);
			runOnlyForDeploymentPostprocessing = 0;
		};
/* End PBXFrameworksBuildPhase section */

/* Begin PBXGroup section */
		73984ABD1DAF50B4000D98E1 = {
			isa = PBXGroup;
			children = (
				73984AC81DAF50B4000D98E1 /* TableView */,
				73984AE21DAF50B4000D98E1 /* TableViewTests */,
				73984AED1DAF50B4000D98E1 /* TableViewUITests */,
				73984AC71DAF50B4000D98E1 /* Products */,
			);
			sourceTree = "<group>";
		};
		73984AC71DAF50B4000D98E1 /* Products */ = {
			isa = PBXGroup;
			children = (
				73984AC61DAF50B4000D98E1 /* TableView.app */,
				73984ADF1DAF50B4000D98E1 /* TableViewTests.xctest */,
				73984AEA1DAF50B4000D98E1 /* TableViewUITests.xctest */,
			);
			name = Products;
			sourceTree = "<group>";
		};
		73984AC81DAF50B4000D98E1 /* TableView */ = {
			isa = PBXGroup;
			children = (
				73984ACC1DAF50B4000D98E1 /* AppDelegate.h */,
				73984ACD1DAF50B4000D98E1 /* AppDelegate.m */,
				73984ACF1DAF50B4000D98E1 /* ViewController.h */,
				73984AD01DAF50B4000D98E1 /* ViewController.m */,
				73984AD21DAF50B4000D98E1 /* Main.storyboard */,
				73984AD51DAF50B4000D98E1 /* Assets.xcassets */,
				73984AD71DAF50B4000D98E1 /* LaunchScreen.storyboard */,
				73984ADA1DAF50B4000D98E1 /* Info.plist */,
				73D750F81DAF9D5700C05786 /* Image */,
				73984AC91DAF50B4000D98E1 /* Supporting Files */,
			);
			path = TableView;
			sourceTree = "<group>";
		};
		73984AC91DAF50B4000D98E1 /* Supporting Files */ = {
			isa = PBXGroup;
			children = (
				73984ACA1DAF50B4000D98E1 /* main.m */,
			);
			name = "Supporting Files";
			sourceTree = "<group>";
		};
		73984AE21DAF50B4000D98E1 /* TableViewTests */ = {
			isa = PBXGroup;
			children = (
				73984AE31DAF50B4000D98E1 /* TableViewTests.m */,
				73984AE51DAF50B4000D98E1 /* Info.plist */,
			);
			path = TableViewTests;
			sourceTree = "<group>";
		};
		73984AED1DAF50B4000D98E1 /* TableViewUITests */ = {
			isa = PBXGroup;
			children = (
				73984AEE1DAF50B4000D98E1 /* TableViewUITests.m */,
				73984AF01DAF50B4000D98E1 /* Info.plist */,
			);
			path = TableViewUITests;
			sourceTree = "<group>";
		};
		73D750F81DAF9D5700C05786 /* Image */ = {
			isa = PBXGroup;
			children = (
				73D750B91DAF718E00C05786 /* bear.jpg */,
				73D750BA1DAF718E00C05786 /* black_swan.jpg */,
				73D750BB1DAF718E00C05786 /* buffalo.jpg */,
				73D750BC1DAF718E00C05786 /* camel.jpg */,
				73D750BD1DAF718E00C05786 /* cockatoo.jpg */,
				73D750BE1DAF718E00C05786 /* dog.jpg */,
				73D750BF1DAF718E00C05786 /* donkey.jpg */,
				73D750C01DAF718E00C05786 /* duck.jpg */,
				73D750C11DAF718E00C05786 /* elephant.jpg */,
				73D750C21DAF718E00C05786 /* emu.jpg */,
				73D750C31DAF718E00C05786 /* giraffe.jpg */,
				73D750C41DAF718E00C05786 /* greater_rhea.jpg */,
				73D750C51DAF718E00C05786 /* guinea_pig.jpg */,
				73D750C61DAF718E00C05786 /* hippopotamus.jpg */,
				73D750C71DAF718E00C05786 /* horse.jpg */,
				73D750C81DAF718E00C05786 /* koala.jpg */,
				73D750C91DAF718E00C05786 /* lion.jpg */,
				73D750CA1DAF718E00C05786 /* llama.jpg */,
				73D750CB1DAF718E00C05786 /* manatus.jpg */,
				73D750CC1DAF718E00C05786 /* meerkat.jpg */,
				73D750CD1DAF718E00C05786 /* panda.jpg */,
				73D750CE1DAF718E00C05786 /* peacock.jpg */,
				73D750CF1DAF718E00C05786 /* pig.jpg */,
				73D750D01DAF718E00C05786 /* platypus.jpg */,
				73D750D11DAF718E00C05786 /* polar_bear.jpg */,
				73D750D21DAF718E00C05786 /* rhinoceros.jpg */,
				73D750D31DAF718E00C05786 /* seagull.jpg */,
				73D750D41DAF718E00C05786 /* tasmania_devil.jpg */,
				73D750D51DAF718E00C05786 /* whale_shark.jpg */,
				73D750D61DAF718E00C05786 /* whale.jpg */,
				73D750D71DAF718E00C05786 /* wombat.jpg */,
			);
			name = Image;
			sourceTree = "<group>";
		};
/* End PBXGroup section */

/* Begin PBXNativeTarget section */
		73984AC51DAF50B4000D98E1 /* TableView */ = {
			isa = PBXNativeTarget;
			buildConfigurationList = 73984AF31DAF50B4000D98E1 /* Build configuration list for PBXNativeTarget "TableView" */;
			buildPhases = (
				73984AC21DAF50B4000D98E1 /* Sources */,
				73984AC31DAF50B4000D98E1 /* Frameworks */,
				73984AC41DAF50B4000D98E1 /* Resources */,
			);
			buildRules = (
			);
			dependencies = (
			);
			name = TableView;
			productName = TableView;
			productReference = 73984AC61DAF50B4000D98E1 /* TableView.app */;
			productType = "com.apple.product-type.application";
		};
		73984ADE1DAF50B4000D98E1 /* TableViewTests */ = {
			isa = PBXNativeTarget;
			buildConfigurationList = 73984AF61DAF50B4000D98E1 /* Build configuration list for PBXNativeTarget "TableViewTests" */;
			buildPhases = (
				73984ADB1DAF50B4000D98E1 /* Sources */,
				73984ADC1DAF50B4000D98E1 /* Frameworks */,
				73984ADD1DAF50B4000D98E1 /* Resources */,
			);
			buildRules = (
			);
			dependencies = (
				73984AE11DAF50B4000D98E1 /* PBXTargetDependency */,
			);
			name = TableViewTests;
			productName = TableViewTests;
			productReference = 73984ADF1DAF50B4000D98E1 /* TableViewTests.xctest */;
			productType = "com.apple.product-type.bundle.unit-test";
		};
		73984AE91DAF50B4000D98E1 /* TableViewUITests */ = {
			isa = PBXNativeTarget;
			buildConfigurationList = 73984AF91DAF50B4000D98E1 /* Build configuration list for PBXNativeTarget "TableViewUITests" */;
			buildPhases = (
				73984AE61DAF50B4000D98E1 /* Sources */,
				73984AE71DAF50B4000D98E1 /* Frameworks */,
				73984AE81DAF50B4000D98E1 /* Resources */,
			);
			buildRules = (
			);
			dependencies = (
				73984AEC1DAF50B4000D98E1 /* PBXTargetDependency */,
			);
			name = TableViewUITests;
			productName = TableViewUITests;
			productReference = 73984AEA1DAF50B4000D98E1 /* TableViewUITests.xctest */;
			productType = "com.apple.product-type.bundle.ui-testing";
		};
/* End PBXNativeTarget section */

/* Begin PBXProject section */
		73984ABE1DAF50B4000D98E1 /* Project object */ = {
			isa = PBXProject;
			attributes = {
				LastUpgradeCheck = 0800;
				ORGANIZATIONNAME = jakouk;
				TargetAttributes = {
					73984AC51DAF50B4000D98E1 = {
						CreatedOnToolsVersion = 8.0;
						ProvisioningStyle = Automatic;
					};
					73984ADE1DAF50B4000D98E1 = {
						CreatedOnToolsVersion = 8.0;
						ProvisioningStyle = Automatic;
						TestTargetID = 73984AC51DAF50B4000D98E1;
					};
					73984AE91DAF50B4000D98E1 = {
						CreatedOnToolsVersion = 8.0;
						ProvisioningStyle = Automatic;
						TestTargetID = 73984AC51DAF50B4000D98E1;
					};
				};
			};
			buildConfigurationList = 73984AC11DAF50B4000D98E1 /* Build configuration list for PBXProject "TableView" */;
			compatibilityVersion = "Xcode 3.2";
			developmentRegion = English;
			hasScannedForEncodings = 0;
			knownRegions = (
				en,
				Base,
			);
			mainGroup = 73984ABD1DAF50B4000D98E1;
			productRefGroup = 73984AC71DAF50B4000D98E1 /* Products */;
			projectDirPath = "";
			projectRoot = "";
			targets = (
				73984AC51DAF50B4000D98E1 /* TableView */,
				73984ADE1DAF50B4000D98E1 /* TableViewTests */,
				73984AE91DAF50B4000D98E1 /* TableViewUITests */,
			);
		};
/* End PBXProject section */

/* Begin PBXResourcesBuildPhase section */
		73984AC41DAF50B4000D98E1 /* Resources */ = {
			isa = PBXResourcesBuildPhase;
			buildActionMask = 2147483647;
			files = (
				73984AD91DAF50B4000D98E1 /* LaunchScreen.storyboard in Resources */,
				73D750EA1DAF718E00C05786 /* manatus.jpg in Resources */,
				73D750EE1DAF718E00C05786 /* pig.jpg in Resources */,
				73D750F11DAF718E00C05786 /* rhinoceros.jpg in Resources */,
				73D750E81DAF718E00C05786 /* lion.jpg in Resources */,
				73D750F51DAF718E00C05786 /* whale.jpg in Resources */,
				73D750ED1DAF718E00C05786 /* peacock.jpg in Resources */,
				73D750E61DAF718E00C05786 /* horse.jpg in Resources */,
				73D750F41DAF718E00C05786 /* whale_shark.jpg in Resources */,
				73D750F61DAF718E00C05786 /* wombat.jpg in Resources */,
				73D750F21DAF718E00C05786 /* seagull.jpg in Resources */,
				73D750E51DAF718E00C05786 /* hippopotamus.jpg in Resources */,
				73D750DB1DAF718E00C05786 /* camel.jpg in Resources */,
				73D750D81DAF718E00C05786 /* bear.jpg in Resources */,
				73984AD61DAF50B4000D98E1 /* Assets.xcassets in Resources */,
				73D750E91DAF718E00C05786 /* llama.jpg in Resources */,
				73D750E21DAF718E00C05786 /* giraffe.jpg in Resources */,
				73D750E71DAF718E00C05786 /* koala.jpg in Resources */,
				73D750EF1DAF718E00C05786 /* platypus.jpg in Resources */,
				73D750E41DAF718E00C05786 /* guinea_pig.jpg in Resources */,
				73D750DA1DAF718E00C05786 /* buffalo.jpg in Resources */,
				73984AD41DAF50B4000D98E1 /* Main.storyboard in Resources */,
				73D750E31DAF718E00C05786 /* greater_rhea.jpg in Resources */,
				73D750DD1DAF718E00C05786 /* dog.jpg in Resources */,
				73D750E11DAF718E00C05786 /* emu.jpg in Resources */,
				73D750F01DAF718E00C05786 /* polar_bear.jpg in Resources */,
				73D750F31DAF718E00C05786 /* tasmania_devil.jpg in Resources */,
				73D750DC1DAF718E00C05786 /* cockatoo.jpg in Resources */,
				73D750E01DAF718E00C05786 /* elephant.jpg in Resources */,
				73D750DF1DAF718E00C05786 /* duck.jpg in Resources */,
				73D750EC1DAF718E00C05786 /* panda.jpg in Resources */,
				73D750EB1DAF718E00C05786 /* meerkat.jpg in Resources */,
				73D750D91DAF718E00C05786 /* black_swan.jpg in Resources */,
				73D750DE1DAF718E00C05786 /* donkey.jpg in Resources */,
			);
			runOnlyForDeploymentPostprocessing = 0;
		};
		73984ADD1DAF50B4000D98E1 /* Resources */ = {
			isa = PBXResourcesBuildPhase;
			buildActionMask = 2147483647;
			files = (
			);
			runOnlyForDeploymentPostprocessing = 0;
		};
		73984AE81DAF50B4000D98E1 /* Resources */ = {
			isa = PBXResourcesBuildPhase;
			buildActionMask = 2147483647;
			files = (
			);
			runOnlyForDeploymentPostprocessing = 0;
		};
/* End PBXResourcesBuildPhase section */

/* Begin PBXSourcesBuildPhase section */
		73984AC21DAF50B4000D98E1 /* Sources */ = {
			isa = PBXSourcesBuildPhase;
			buildActionMask = 2147483647;
			files = (
				73984AD11DAF50B4000D98E1 /* ViewController.m in Sources */,
				73984ACE1DAF50B4000D98E1 /* AppDelegate.m in Sources */,
				73984ACB1DAF50B4000D98E1 /* main.m in Sources */,
			);
			runOnlyForDeploymentPostprocessing = 0;
		};
		73984ADB1DAF50B4000D98E1 /* Sources */ = {
			isa = PBXSourcesBuildPhase;
			buildActionMask = 2147483647;
			files = (
				73984AE41DAF50B4000D98E1 /* TableViewTests.m in Sources */,
			);
			runOnlyForDeploymentPostprocessing = 0;
		};
		73984AE61DAF50B4000D98E1 /* Sources */ = {
			isa = PBXSourcesBuildPhase;
			buildActionMask = 2147483647;
			files = (
				73984AEF1DAF50B4000D98E1 /* TableViewUITests.m in Sources */,
			);
			runOnlyForDeploymentPostprocessing = 0;
		};
/* End PBXSourcesBuildPhase section */

/* Begin PBXTargetDependency section */
		73984AE11DAF50B4000D98E1 /* PBXTargetDependency */ = {
			isa = PBXTargetDependency;
			target = 73984AC51DAF50B4000D98E1 /* TableView */;
			targetProxy = 73984AE01DAF50B4000D98E1 /* PBXContainerItemProxy */;
		};
		73984AEC1DAF50B4000D98E1 /* PBXTargetDependency */ = {
			isa = PBXTargetDependency;
			target = 73984AC51DAF50B4000D98E1 /* TableView */;
			targetProxy = 73984AEB1DAF50B4000D98E1 /* PBXContainerItemProxy */;
		};
/* End PBXTargetDependency section */

/* Begin PBXVariantGroup section */
		73984AD21DAF50B4000D98E1 /* Main.storyboard */ = {
			isa = PBXVariantGroup;
			children = (
				73984AD31DAF50B4000D98E1 /* Base */,
			);
			name = Main.storyboard;
			sourceTree = "<group>";
		};
		73984AD71DAF50B4000D98E1 /* LaunchScreen.storyboard */ = {
			isa = PBXVariantGroup;
			children = (
				73984AD81DAF50B4000D98E1 /* Base */,
			);
			name = LaunchScreen.storyboard;
			sourceTree = "<group>";
		};
/* End PBXVariantGroup section */

/* Begin XCBuildConfiguration section */
		73984AF11DAF50B4000D98E1 /* Debug */ = {
			isa = XCBuildConfiguration;
			buildSettings = {
				ALWAYS_SEARCH_USER_PATHS = NO;
				CLANG_ANALYZER_NONNULL = YES;
				CLANG_CXX_LANGUAGE_STANDARD = "gnu++0x";
				CLANG_CXX_LIBRARY = "libc++";
				CLANG_ENABLE_MODULES = YES;
				CLANG_ENABLE_OBJC_ARC = YES;
				CLANG_WARN_BOOL_CONVERSION = YES;
				CLANG_WARN_CONSTANT_CONVERSION = YES;
				CLANG_WARN_DIRECT_OBJC_ISA_USAGE = YES_ERROR;
				CLANG_WARN_DOCUMENTATION_COMMENTS = YES;
				CLANG_WARN_EMPTY_BODY = YES;
				CLANG_WARN_ENUM_CONVERSION = YES;
				CLANG_WARN_INFINITE_RECURSION = YES;
				CLANG_WARN_INT_CONVERSION = YES;
				CLANG_WARN_OBJC_ROOT_CLASS = YES_ERROR;
				CLANG_WARN_SUSPICIOUS_MOVES = YES;
				CLANG_WARN_UNREACHABLE_CODE = YES;
				CLANG_WARN__DUPLICATE_METHOD_MATCH = YES;
				"CODE_SIGN_IDENTITY[sdk=iphoneos*]" = "iPhone Developer";
				COPY_PHASE_STRIP = NO;
				DEBUG_INFORMATION_FORMAT = dwarf;
				ENABLE_STRICT_OBJC_MSGSEND = YES;
				ENABLE_TESTABILITY = YES;
				GCC_C_LANGUAGE_STANDARD = gnu99;
				GCC_DYNAMIC_NO_PIC = NO;
				GCC_NO_COMMON_BLOCKS = YES;
				GCC_OPTIMIZATION_LEVEL = 0;
				GCC_PREPROCESSOR_DEFINITIONS = (
					"DEBUG=1",
					"$(inherited)",
				);
				GCC_WARN_64_TO_32_BIT_CONVERSION = YES;
				GCC_WARN_ABOUT_RETURN_TYPE = YES_ERROR;
				GCC_WARN_UNDECLARED_SELECTOR = YES;
				GCC_WARN_UNINITIALIZED_AUTOS = YES_AGGRESSIVE;
				GCC_WARN_UNUSED_FUNCTION = YES;
				GCC_WARN_UNUSED_VARIABLE = YES;
				IPHONEOS_DEPLOYMENT_TARGET = 10.0;
				MTL_ENABLE_DEBUG_INFO = YES;
				ONLY_ACTIVE_ARCH = YES;
				SDKROOT = iphoneos;
			};
			name = Debug;
		};
		73984AF21DAF50B4000D98E1 /* Release */ = {
			isa = XCBuildConfiguration;
			buildSettings = {
				ALWAYS_SEARCH_USER_PATHS = NO;
				CLANG_ANALYZER_NONNULL = YES;
				CLANG_CXX_LANGUAGE_STANDARD = "gnu++0x";
				CLANG_CXX_LIBRARY = "libc++";
				CLANG_ENABLE_MODULES = YES;
				CLANG_ENABLE_OBJC_ARC = YES;
				CLANG_WARN_BOOL_CONVERSION = YES;
				CLANG_WARN_CONSTANT_CONVERSION = YES;
				CLANG_WARN_DIRECT_OBJC_ISA_USAGE = YES_ERROR;
				CLANG_WARN_DOCUMENTATION_COMMENTS = YES;
				CLANG_WARN_EMPTY_BODY = YES;
				CLANG_WARN_ENUM_CONVERSION = YES;
				CLANG_WARN_INFINITE_RECURSION = YES;
				CLANG_WARN_INT_CONVERSION = YES;
				CLANG_WARN_OBJC_ROOT_CLASS = YES_ERROR;
				CLANG_WARN_SUSPICIOUS_MOVES = YES;
				CLANG_WARN_UNREACHABLE_CODE = YES;
				CLANG_WARN__DUPLICATE_METHOD_MATCH = YES;
				"CODE_SIGN_IDENTITY[sdk=iphoneos*]" = "iPhone Developer";
				COPY_PHASE_STRIP = NO;
				DEBUG_INFORMATION_FORMAT = "dwarf-with-dsym";
				ENABLE_NS_ASSERTIONS = NO;
				ENABLE_STRICT_OBJC_MSGSEND = YES;
				GCC_C_LANGUAGE_STANDARD = gnu99;
				GCC_NO_COMMON_BLOCKS = YES;
				GCC_WARN_64_TO_32_BIT_CONVERSION = YES;
				GCC_WARN_ABOUT_RETURN_TYPE = YES_ERROR;
				GCC_WARN_UNDECLARED_SELECTOR = YES;
				GCC_WARN_UNINITIALIZED_AUTOS = YES_AGGRESSIVE;
				GCC_WARN_UNUSED_FUNCTION = YES;
				GCC_WARN_UNUSED_VARIABLE = YES;
				IPHONEOS_DEPLOYMENT_TARGET = 10.0;
				MTL_ENABLE_DEBUG_INFO = NO;
				SDKROOT = iphoneos;
				VALIDATE_PRODUCT = YES;
			};
			name = Release;
		};
		73984AF41DAF50B4000D98E1 /* Debug */ = {
			isa = XCBuildConfiguration;
			buildSettings = {
				ASSETCATALOG_COMPILER_APPICON_NAME = AppIcon;
				INFOPLIST_FILE = TableView/Info.plist;
				LD_RUNPATH_SEARCH_PATHS = "$(inherited) @executable_path/Frameworks";
				PRODUCT_BUNDLE_IDENTIFIER = com.test.TableView;
				PRODUCT_NAME = "$(TARGET_NAME)";
			};
			name = Debug;
		};
		73984AF51DAF50B4000D98E1 /* Release */ = {
			isa = XCBuildConfiguration;
			buildSettings = {
				ASSETCATALOG_COMPILER_APPICON_NAME = AppIcon;
				INFOPLIST_FILE = TableView/Info.plist;
				LD_RUNPATH_SEARCH_PATHS = "$(inherited) @executable_path/Frameworks";
				PRODUCT_BUNDLE_IDENTIFIER = com.test.TableView;
				PRODUCT_NAME = "$(TARGET_NAME)";
			};
			name = Release;
		};
		73984AF71DAF50B4000D98E1 /* Debug */ = {
			isa = XCBuildConfiguration;
			buildSettings = {
				BUNDLE_LOADER = "$(TEST_HOST)";
				INFOPLIST_FILE = TableViewTests/Info.plist;
				LD_RUNPATH_SEARCH_PATHS = "$(inherited) @executable_path/Frameworks @loader_path/Frameworks";
				PRODUCT_BUNDLE_IDENTIFIER = com.test.TableViewTests;
				PRODUCT_NAME = "$(TARGET_NAME)";
				TEST_HOST = "$(BUILT_PRODUCTS_DIR)/TableView.app/TableView";
			};
			name = Debug;
		};
		73984AF81DAF50B4000D98E1 /* Release */ = {
			isa = XCBuildConfiguration;
			buildSettings = {
				BUNDLE_LOADER = "$(TEST_HOST)";
				INFOPLIST_FILE = TableViewTests/Info.plist;
				LD_RUNPATH_SEARCH_PATHS = "$(inherited) @executable_path/Frameworks @loader_path/Frameworks";
				PRODUCT_BUNDLE_IDENTIFIER = com.test.TableViewTests;
				PRODUCT_NAME = "$(TARGET_NAME)";
				TEST_HOST = "$(BUILT_PRODUCTS_DIR)/TableView.app/TableView";
			};
			name = Release;
		};
		73984AFA1DAF50B4000D98E1 /* Debug */ = {
			isa = XCBuildConfiguration;
			buildSettings = {
				INFOPLIST_FILE = TableViewUITests/Info.plist;
				LD_RUNPATH_SEARCH_PATHS = "$(inherited) @executable_path/Frameworks @loader_path/Frameworks";
				PRODUCT_BUNDLE_IDENTIFIER = com.test.TableViewUITests;
				PRODUCT_NAME = "$(TARGET_NAME)";
				TEST_TARGET_NAME = TableView;
			};
			name = Debug;
		};
		73984AFB1DAF50B4000D98E1 /* Release */ = {
			isa = XCBuildConfiguration;
			buildSettings = {
				INFOPLIST_FILE = TableViewUITests/Info.plist;
				LD_RUNPATH_SEARCH_PATHS = "$(inherited) @executable_path/Frameworks @loader_path/Frameworks";
				PRODUCT_BUNDLE_IDENTIFIER = com.test.TableViewUITests;
				PRODUCT_NAME = "$(TARGET_NAME)";
				TEST_TARGET_NAME = TableView;
			};
			name = Release;
		};
/* End XCBuildConfiguration section */

/* Begin XCConfigurationList section */
		73984AC11DAF50B4000D98E1 /* Build configuration list for PBXProject "TableView" */ = {
			isa = XCConfigurationList;
			buildConfigurations = (
				73984AF11DAF50B4000D98E1 /* Debug */,
				73984AF21DAF50B4000D98E1 /* Release */,
			);
			defaultConfigurationIsVisible = 0;
			defaultConfigurationName = Release;
		};
		73984AF31DAF50B4000D98E1 /* Build configuration list for PBXNativeTarget "TableView" */ = {
			isa = XCConfigurationList;
			buildConfigurations = (
				73984AF41DAF50B4000D98E1 /* Debug */,
				73984AF51DAF50B4000D98E1 /* Release */,
			);
			defaultConfigurationIsVisible = 0;
			defaultConfigurationName = Release;
		};
		73984AF61DAF50B4000D98E1 /* Build configuration list for PBXNativeTarget "TableViewTests" */ = {
			isa = XCConfigurationList;
			buildConfigurations = (
				73984AF71DAF50B4000D98E1 /* Debug */,
				73984AF81DAF50B4000D98E1 /* Release */,
			);
			defaultConfigurationIsVisible = 0;
			defaultConfigurationName = Release;
		};
		73984AF91DAF50B4000D98E1 /* Build configuration list for PBXNativeTarget "TableViewUITests" */ = {
			isa = XCConfigurationList;
			buildConfigurations = (
				73984AFA1DAF50B4000D98E1 /* Debug */,
				73984AFB1DAF50B4000D98E1 /* Release */,
			);
			defaultConfigurationIsVisible = 0;
			defaultConfigurationName = Release;
		};
/* End XCConfigurationList section */
	};
	rootObject = 73984ABE1DAF50B4000D98E1 /* Project object */;
}
