// !$*UTF8*$!
{
	archiveVersion = 1;
	classes = {
	};
	objectVersion = 46;
	objects = {

/* Begin PBXBuildFile section */
		7327013F1DA73D0F00AB4894 /* main.m in Sources */ = {isa = PBXBuildFile; fileRef = 7327013E1DA73D0F00AB4894 /* main.m */; };
		732701471DA73E2700AB4894 /* SelectionSort.m in Sources */ = {isa = PBXBuildFile; fileRef = 732701461DA73E2700AB4894 /* SelectionSort.m */; };
		7327014A1DA75D5600AB4894 /* BubbleSort.m in Sources */ = {isa = PBXBuildFile; fileRef = 732701491DA75D5600AB4894 /* BubbleSort.m */; };
		7327014D1DA7655100AB4894 /* InsertSort.m in Sources */ = {isa = PBXBuildFile; fileRef = 7327014C1DA7655100AB4894 /* InsertSort.m */; };
		732701501DA77FB400AB4894 /* MergeSort.m in Sources */ = {isa = PBXBuildFile; fileRef = 7327014F1DA77FB400AB4894 /* MergeSort.m */; };
/* End PBXBuildFile section */

/* Begin PBXCopyFilesBuildPhase section */
		732701391DA73D0F00AB4894 /* CopyFiles */ = {
			isa = PBXCopyFilesBuildPhase;
			buildActionMask = 2147483647;
			dstPath = /usr/share/man/man1/;
			dstSubfolderSpec = 0;
			files = (
			);
			runOnlyForDeploymentPostprocessing = 1;
		};
/* End PBXCopyFilesBuildPhase section */

/* Begin PBXFileReference section */
		7327013B1DA73D0F00AB4894 /* Algorithm */ = {isa = PBXFileReference; explicitFileType = "compiled.mach-o.executable"; includeInIndex = 0; path = Algorithm; sourceTree = BUILT_PRODUCTS_DIR; };
		7327013E1DA73D0F00AB4894 /* main.m */ = {isa = PBXFileReference; lastKnownFileType = sourcecode.c.objc; path = main.m; sourceTree = "<group>"; };
		732701451DA73E2700AB4894 /* SelectionSort.h */ = {isa = PBXFileReference; fileEncoding = 4; lastKnownFileType = sourcecode.c.h; path = SelectionSort.h; sourceTree = "<group>"; };
		732701461DA73E2700AB4894 /* SelectionSort.m */ = {isa = PBXFileReference; fileEncoding = 4; lastKnownFileType = sourcecode.c.objc; path = SelectionSort.m; sourceTree = "<group>"; };
		732701481DA75D5600AB4894 /* BubbleSort.h */ = {isa = PBXFileReference; fileEncoding = 4; lastKnownFileType = sourcecode.c.h; path = BubbleSort.h; sourceTree = "<group>"; };
		732701491DA75D5600AB4894 /* BubbleSort.m */ = {isa = PBXFileReference; fileEncoding = 4; lastKnownFileType = sourcecode.c.objc; path = BubbleSort.m; sourceTree = "<group>"; };
		7327014B1DA7655100AB4894 /* InsertSort.h */ = {isa = PBXFileReference; fileEncoding = 4; lastKnownFileType = sourcecode.c.h; path = InsertSort.h; sourceTree = "<group>"; };
		7327014C1DA7655100AB4894 /* InsertSort.m */ = {isa = PBXFileReference; fileEncoding = 4; lastKnownFileType = sourcecode.c.objc; path = InsertSort.m; sourceTree = "<group>"; };
		7327014E1DA77FB400AB4894 /* MergeSort.h */ = {isa = PBXFileReference; fileEncoding = 4; lastKnownFileType = sourcecode.c.h; path = MergeSort.h; sourceTree = "<group>"; };
		7327014F1DA77FB400AB4894 /* MergeSort.m */ = {isa = PBXFileReference; fileEncoding = 4; lastKnownFileType = sourcecode.c.objc; path = MergeSort.m; sourceTree = "<group>"; };
/* End PBXFileReference section */

/* Begin PBXFrameworksBuildPhase section */
		732701381DA73D0F00AB4894 /* Frameworks */ = {
			isa = PBXFrameworksBuildPhase;
			buildActionMask = 2147483647;
			files = (
			);
			runOnlyForDeploymentPostprocessing = 0;
		};
/* End PBXFrameworksBuildPhase section */

/* Begin PBXGroup section */
		732701321DA73D0F00AB4894 = {
			isa = PBXGroup;
			children = (
				7327013D1DA73D0F00AB4894 /* Algorithm */,
				7327013C1DA73D0F00AB4894 /* Products */,
			);
			sourceTree = "<group>";
		};
		7327013C1DA73D0F00AB4894 /* Products */ = {
			isa = PBXGroup;
			children = (
				7327013B1DA73D0F00AB4894 /* Algorithm */,
			);
			name = Products;
			sourceTree = "<group>";
		};
		7327013D1DA73D0F00AB4894 /* Algorithm */ = {
			isa = PBXGroup;
			children = (
				7327013E1DA73D0F00AB4894 /* main.m */,
				7327014B1DA7655100AB4894 /* InsertSort.h */,
				7327014C1DA7655100AB4894 /* InsertSort.m */,
				732701451DA73E2700AB4894 /* SelectionSort.h */,
				732701461DA73E2700AB4894 /* SelectionSort.m */,
				732701481DA75D5600AB4894 /* BubbleSort.h */,
				732701491DA75D5600AB4894 /* BubbleSort.m */,
				7327014E1DA77FB400AB4894 /* MergeSort.h */,
				7327014F1DA77FB400AB4894 /* MergeSort.m */,
			);
			path = Algorithm;
			sourceTree = "<group>";
		};
/* End PBXGroup section */

/* Begin PBXNativeTarget section */
		7327013A1DA73D0F00AB4894 /* Algorithm */ = {
			isa = PBXNativeTarget;
			buildConfigurationList = 732701421DA73D0F00AB4894 /* Build configuration list for PBXNativeTarget "Algorithm" */;
			buildPhases = (
				732701371DA73D0F00AB4894 /* Sources */,
				732701381DA73D0F00AB4894 /* Frameworks */,
				732701391DA73D0F00AB4894 /* CopyFiles */,
			);
			buildRules = (
			);
			dependencies = (
			);
			name = Algorithm;
			productName = Algorithm;
			productReference = 7327013B1DA73D0F00AB4894 /* Algorithm */;
			productType = "com.apple.product-type.tool";
		};
/* End PBXNativeTarget section */

/* Begin PBXProject section */
		732701331DA73D0F00AB4894 /* Project object */ = {
			isa = PBXProject;
			attributes = {
				LastUpgradeCheck = 0800;
				ORGANIZATIONNAME = jakouk;
				TargetAttributes = {
					7327013A1DA73D0F00AB4894 = {
						CreatedOnToolsVersion = 8.0;
						ProvisioningStyle = Automatic;
					};
				};
			};
			buildConfigurationList = 732701361DA73D0F00AB4894 /* Build configuration list for PBXProject "Algorithm" */;
			compatibilityVersion = "Xcode 3.2";
			developmentRegion = English;
			hasScannedForEncodings = 0;
			knownRegions = (
				en,
			);
			mainGroup = 732701321DA73D0F00AB4894;
			productRefGroup = 7327013C1DA73D0F00AB4894 /* Products */;
			projectDirPath = "";
			projectRoot = "";
			targets = (
				7327013A1DA73D0F00AB4894 /* Algorithm */,
			);
		};
/* End PBXProject section */

/* Begin PBXSourcesBuildPhase section */
		732701371DA73D0F00AB4894 /* Sources */ = {
			isa = PBXSourcesBuildPhase;
			buildActionMask = 2147483647;
			files = (
				732701501DA77FB400AB4894 /* MergeSort.m in Sources */,
				7327014D1DA7655100AB4894 /* InsertSort.m in Sources */,
				732701471DA73E2700AB4894 /* SelectionSort.m in Sources */,
				7327013F1DA73D0F00AB4894 /* main.m in Sources */,
				7327014A1DA75D5600AB4894 /* BubbleSort.m in Sources */,
			);
			runOnlyForDeploymentPostprocessing = 0;
		};
/* End PBXSourcesBuildPhase section */

/* Begin XCBuildConfiguration section */
		732701401DA73D0F00AB4894 /* Debug */ = {
			isa = XCBuildConfiguration;
			buildSettings = {
				ALWAYS_SEARCH_USER_PATHS = NO;
				CLANG_ANALYZER_NONNULL = YES;
				CLANG_CXX_LANGUAGE_STANDARD = "gnu++0x";
				CLANG_CXX_LIBRARY = "libc++";
				CLANG_ENABLE_MODULES = YES;
				CLANG_ENABLE_OBJC_ARC = YES;
				CLANG_WARN_BOOL_CONVERSION = YES;
				CLANG_WARN_CONSTANT_CONVERSION = YES;
				CLANG_WARN_DIRECT_OBJC_ISA_USAGE = YES_ERROR;
				CLANG_WARN_DOCUMENTATION_COMMENTS = YES;
				CLANG_WARN_EMPTY_BODY = YES;
				CLANG_WARN_ENUM_CONVERSION = YES;
				CLANG_WARN_INFINITE_RECURSION = YES;
				CLANG_WARN_INT_CONVERSION = YES;
				CLANG_WARN_OBJC_ROOT_CLASS = YES_ERROR;
				CLANG_WARN_SUSPICIOUS_MOVES = YES;
				CLANG_WARN_UNREACHABLE_CODE = YES;
				CLANG_WARN__DUPLICATE_METHOD_MATCH = YES;
				CODE_SIGN_IDENTITY = "-";
				COPY_PHASE_STRIP = NO;
				DEBUG_INFORMATION_FORMAT = dwarf;
				ENABLE_STRICT_OBJC_MSGSEND = YES;
				ENABLE_TESTABILITY = YES;
				GCC_C_LANGUAGE_STANDARD = gnu99;
				GCC_DYNAMIC_NO_PIC = NO;
				GCC_NO_COMMON_BLOCKS = YES;
				GCC_OPTIMIZATION_LEVEL = 0;
				GCC_PREPROCESSOR_DEFINITIONS = (
					"DEBUG=1",
					"$(inherited)",
				);
				GCC_WARN_64_TO_32_BIT_CONVERSION = YES;
				GCC_WARN_ABOUT_RETURN_TYPE = YES_ERROR;
				GCC_WARN_UNDECLARED_SELECTOR = YES;
				GCC_WARN_UNINITIALIZED_AUTOS = YES_AGGRESSIVE;
				GCC_WARN_UNUSED_FUNCTION = YES;
				GCC_WARN_UNUSED_VARIABLE = YES;
				MACOSX_DEPLOYMENT_TARGET = 10.12;
				MTL_ENABLE_DEBUG_INFO = YES;
				ONLY_ACTIVE_ARCH = YES;
				SDKROOT = macosx;
			};
			name = Debug;
		};
		732701411DA73D0F00AB4894 /* Release */ = {
			isa = XCBuildConfiguration;
			buildSettings = {
				ALWAYS_SEARCH_USER_PATHS = NO;
				CLANG_ANALYZER_NONNULL = YES;
				CLANG_CXX_LANGUAGE_STANDARD = "gnu++0x";
				CLANG_CXX_LIBRARY = "libc++";
				CLANG_ENABLE_MODULES = YES;
				CLANG_ENABLE_OBJC_ARC = YES;
				CLANG_WARN_BOOL_CONVERSION = YES;
				CLANG_WARN_CONSTANT_CONVERSION = YES;
				CLANG_WARN_DIRECT_OBJC_ISA_USAGE = YES_ERROR;
				CLANG_WARN_DOCUMENTATION_COMMENTS = YES;
				CLANG_WARN_EMPTY_BODY = YES;
				CLANG_WARN_ENUM_CONVERSION = YES;
				CLANG_WARN_INFINITE_RECURSION = YES;
				CLANG_WARN_INT_CONVERSION = YES;
				CLANG_WARN_OBJC_ROOT_CLASS = YES_ERROR;
				CLANG_WARN_SUSPICIOUS_MOVES = YES;
				CLANG_WARN_UNREACHABLE_CODE = YES;
				CLANG_WARN__DUPLICATE_METHOD_MATCH = YES;
				CODE_SIGN_IDENTITY = "-";
				COPY_PHASE_STRIP = NO;
				DEBUG_INFORMATION_FORMAT = "dwarf-with-dsym";
				ENABLE_NS_ASSERTIONS = NO;
				ENABLE_STRICT_OBJC_MSGSEND = YES;
				GCC_C_LANGUAGE_STANDARD = gnu99;
				GCC_NO_COMMON_BLOCKS = YES;
				GCC_WARN_64_TO_32_BIT_CONVERSION = YES;
				GCC_WARN_ABOUT_RETURN_TYPE = YES_ERROR;
				GCC_WARN_UNDECLARED_SELECTOR = YES;
				GCC_WARN_UNINITIALIZED_AUTOS = YES_AGGRESSIVE;
				GCC_WARN_UNUSED_FUNCTION = YES;
				GCC_WARN_UNUSED_VARIABLE = YES;
				MACOSX_DEPLOYMENT_TARGET = 10.12;
				MTL_ENABLE_DEBUG_INFO = NO;
				SDKROOT = macosx;
			};
			name = Release;
		};
		732701431DA73D0F00AB4894 /* Debug */ = {
			isa = XCBuildConfiguration;
			buildSettings = {
				PRODUCT_NAME = "$(TARGET_NAME)";
			};
			name = Debug;
		};
		732701441DA73D0F00AB4894 /* Release */ = {
			isa = XCBuildConfiguration;
			buildSettings = {
				PRODUCT_NAME = "$(TARGET_NAME)";
			};
			name = Release;
		};
/* End XCBuildConfiguration section */

/* Begin XCConfigurationList section */
		732701361DA73D0F00AB4894 /* Build configuration list for PBXProject "Algorithm" */ = {
			isa = XCConfigurationList;
			buildConfigurations = (
				732701401DA73D0F00AB4894 /* Debug */,
				732701411DA73D0F00AB4894 /* Release */,
			);
			defaultConfigurationIsVisible = 0;
			defaultConfigurationName = Release;
		};
		732701421DA73D0F00AB4894 /* Build configuration list for PBXNativeTarget "Algorithm" */ = {
			isa = XCConfigurationList;
			buildConfigurations = (
				732701431DA73D0F00AB4894 /* Debug */,
				732701441DA73D0F00AB4894 /* Release */,
			);
			defaultConfigurationIsVisible = 0;
		};
/* End XCConfigurationList section */
	};
	rootObject = 732701331DA73D0F00AB4894 /* Project object */;
}
