// !$*UTF8*$!
{
	archiveVersion = 1;
	classes = {
	};
	objectVersion = 46;
	objects = {

/* Begin PBXBuildFile section */
		7302CF5C1D921020002505D6 /* Facebook.m in Sources */ = {isa = PBXBuildFile; fileRef = 7302CF5B1D921020002505D6 /* Facebook.m */; };
		7309F7CA1D9148F00097147B /* Band.m in Sources */ = {isa = PBXBuildFile; fileRef = 7309F7C91D9148F00097147B /* Band.m */; };
		7309F7CD1D91549C0097147B /* Slack.m in Sources */ = {isa = PBXBuildFile; fileRef = 7309F7CC1D91549C0097147B /* Slack.m */; };
		73B6A3351D9128D1005F3E4A /* main.m in Sources */ = {isa = PBXBuildFile; fileRef = 73B6A3341D9128D1005F3E4A /* main.m */; };
/* End PBXBuildFile section */

/* Begin PBXCopyFilesBuildPhase section */
		73B6A32F1D9128D1005F3E4A /* CopyFiles */ = {
			isa = PBXCopyFilesBuildPhase;
			buildActionMask = 2147483647;
			dstPath = /usr/share/man/man1/;
			dstSubfolderSpec = 0;
			files = (
			);
			runOnlyForDeploymentPostprocessing = 1;
		};
/* End PBXCopyFilesBuildPhase section */

/* Begin PBXFileReference section */
		7302CF5A1D921020002505D6 /* Facebook.h */ = {isa = PBXFileReference; fileEncoding = 4; lastKnownFileType = sourcecode.c.h; path = Facebook.h; sourceTree = "<group>"; };
		7302CF5B1D921020002505D6 /* Facebook.m */ = {isa = PBXFileReference; fileEncoding = 4; lastKnownFileType = sourcecode.c.objc; path = Facebook.m; sourceTree = "<group>"; };
		7309F7C81D9148F00097147B /* Band.h */ = {isa = PBXFileReference; fileEncoding = 4; lastKnownFileType = sourcecode.c.h; path = Band.h; sourceTree = "<group>"; };
		7309F7C91D9148F00097147B /* Band.m */ = {isa = PBXFileReference; fileEncoding = 4; lastKnownFileType = sourcecode.c.objc; path = Band.m; sourceTree = "<group>"; };
		7309F7CB1D91549C0097147B /* Slack.h */ = {isa = PBXFileReference; fileEncoding = 4; lastKnownFileType = sourcecode.c.h; path = Slack.h; sourceTree = "<group>"; };
		7309F7CC1D91549C0097147B /* Slack.m */ = {isa = PBXFileReference; fileEncoding = 4; lastKnownFileType = sourcecode.c.objc; path = Slack.m; sourceTree = "<group>"; };
		73B6A3311D9128D1005F3E4A /* objectSample */ = {isa = PBXFileReference; explicitFileType = "compiled.mach-o.executable"; includeInIndex = 0; path = objectSample; sourceTree = BUILT_PRODUCTS_DIR; };
		73B6A3341D9128D1005F3E4A /* main.m */ = {isa = PBXFileReference; lastKnownFileType = sourcecode.c.objc; path = main.m; sourceTree = "<group>"; };
/* End PBXFileReference section */

/* Begin PBXFrameworksBuildPhase section */
		73B6A32E1D9128D1005F3E4A /* Frameworks */ = {
			isa = PBXFrameworksBuildPhase;
			buildActionMask = 2147483647;
			files = (
			);
			runOnlyForDeploymentPostprocessing = 0;
		};
/* End PBXFrameworksBuildPhase section */

/* Begin PBXGroup section */
		73B6A3281D9128D1005F3E4A = {
			isa = PBXGroup;
			children = (
				73B6A3331D9128D1005F3E4A /* objectSample */,
				73B6A3321D9128D1005F3E4A /* Products */,
			);
			sourceTree = "<group>";
		};
		73B6A3321D9128D1005F3E4A /* Products */ = {
			isa = PBXGroup;
			children = (
				73B6A3311D9128D1005F3E4A /* objectSample */,
			);
			name = Products;
			sourceTree = "<group>";
		};
		73B6A3331D9128D1005F3E4A /* objectSample */ = {
			isa = PBXGroup;
			children = (
				73B6A3341D9128D1005F3E4A /* main.m */,
				7309F7C81D9148F00097147B /* Band.h */,
				7309F7C91D9148F00097147B /* Band.m */,
				7309F7CB1D91549C0097147B /* Slack.h */,
				7309F7CC1D91549C0097147B /* Slack.m */,
				7302CF5A1D921020002505D6 /* Facebook.h */,
				7302CF5B1D921020002505D6 /* Facebook.m */,
			);
			path = objectSample;
			sourceTree = "<group>";
		};
/* End PBXGroup section */

/* Begin PBXNativeTarget section */
		73B6A3301D9128D1005F3E4A /* objectSample */ = {
			isa = PBXNativeTarget;
			buildConfigurationList = 73B6A3381D9128D1005F3E4A /* Build configuration list for PBXNativeTarget "objectSample" */;
			buildPhases = (
				73B6A32D1D9128D1005F3E4A /* Sources */,
				73B6A32E1D9128D1005F3E4A /* Frameworks */,
				73B6A32F1D9128D1005F3E4A /* CopyFiles */,
			);
			buildRules = (
			);
			dependencies = (
			);
			name = objectSample;
			productName = objectSample;
			productReference = 73B6A3311D9128D1005F3E4A /* objectSample */;
			productType = "com.apple.product-type.tool";
		};
/* End PBXNativeTarget section */

/* Begin PBXProject section */
		73B6A3291D9128D1005F3E4A /* Project object */ = {
			isa = PBXProject;
			attributes = {
				LastUpgradeCheck = 0800;
				ORGANIZATIONNAME = jakouk;
				TargetAttributes = {
					73B6A3301D9128D1005F3E4A = {
						CreatedOnToolsVersion = 8.0;
						ProvisioningStyle = Automatic;
					};
				};
			};
			buildConfigurationList = 73B6A32C1D9128D1005F3E4A /* Build configuration list for PBXProject "objectSample" */;
			compatibilityVersion = "Xcode 3.2";
			developmentRegion = English;
			hasScannedForEncodings = 0;
			knownRegions = (
				en,
			);
			mainGroup = 73B6A3281D9128D1005F3E4A;
			productRefGroup = 73B6A3321D9128D1005F3E4A /* Products */;
			projectDirPath = "";
			projectRoot = "";
			targets = (
				73B6A3301D9128D1005F3E4A /* objectSample */,
			);
		};
/* End PBXProject section */

/* Begin PBXSourcesBuildPhase section */
		73B6A32D1D9128D1005F3E4A /* Sources */ = {
			isa = PBXSourcesBuildPhase;
			buildActionMask = 2147483647;
			files = (
				7309F7CD1D91549C0097147B /* Slack.m in Sources */,
				7309F7CA1D9148F00097147B /* Band.m in Sources */,
				73B6A3351D9128D1005F3E4A /* main.m in Sources */,
				7302CF5C1D921020002505D6 /* Facebook.m in Sources */,
			);
			runOnlyForDeploymentPostprocessing = 0;
		};
/* End PBXSourcesBuildPhase section */

/* Begin XCBuildConfiguration section */
		73B6A3361D9128D1005F3E4A /* Debug */ = {
			isa = XCBuildConfiguration;
			buildSettings = {
				ALWAYS_SEARCH_USER_PATHS = NO;
				CLANG_ANALYZER_NONNULL = YES;
				CLANG_CXX_LANGUAGE_STANDARD = "gnu++0x";
				CLANG_CXX_LIBRARY = "libc++";
				CLANG_ENABLE_MODULES = YES;
				CLANG_ENABLE_OBJC_ARC = YES;
				CLANG_WARN_BOOL_CONVERSION = YES;
				CLANG_WARN_CONSTANT_CONVERSION = YES;
				CLANG_WARN_DIRECT_OBJC_ISA_USAGE = YES_ERROR;
				CLANG_WARN_DOCUMENTATION_COMMENTS = YES;
				CLANG_WARN_EMPTY_BODY = YES;
				CLANG_WARN_ENUM_CONVERSION = YES;
				CLANG_WARN_INFINITE_RECURSION = YES;
				CLANG_WARN_INT_CONVERSION = YES;
				CLANG_WARN_OBJC_ROOT_CLASS = YES_ERROR;
				CLANG_WARN_SUSPICIOUS_MOVES = YES;
				CLANG_WARN_UNREACHABLE_CODE = YES;
				CLANG_WARN__DUPLICATE_METHOD_MATCH = YES;
				CODE_SIGN_IDENTITY = "-";
				COPY_PHASE_STRIP = NO;
				DEBUG_INFORMATION_FORMAT = dwarf;
				ENABLE_STRICT_OBJC_MSGSEND = YES;
				ENABLE_TESTABILITY = YES;
				GCC_C_LANGUAGE_STANDARD = gnu99;
				GCC_DYNAMIC_NO_PIC = NO;
				GCC_NO_COMMON_BLOCKS = YES;
				GCC_OPTIMIZATION_LEVEL = 0;
				GCC_PREPROCESSOR_DEFINITIONS = (
					"DEBUG=1",
					"$(inherited)",
				);
				GCC_WARN_64_TO_32_BIT_CONVERSION = YES;
				GCC_WARN_ABOUT_RETURN_TYPE = YES_ERROR;
				GCC_WARN_UNDECLARED_SELECTOR = YES;
				GCC_WARN_UNINITIALIZED_AUTOS = YES_AGGRESSIVE;
				GCC_WARN_UNUSED_FUNCTION = YES;
				GCC_WARN_UNUSED_VARIABLE = YES;
				MACOSX_DEPLOYMENT_TARGET = 10.11;
				MTL_ENABLE_DEBUG_INFO = YES;
				ONLY_ACTIVE_ARCH = YES;
				SDKROOT = macosx;
			};
			name = Debug;
		};
		73B6A3371D9128D1005F3E4A /* Release */ = {
			isa = XCBuildConfiguration;
			buildSettings = {
				ALWAYS_SEARCH_USER_PATHS = NO;
				CLANG_ANALYZER_NONNULL = YES;
				CLANG_CXX_LANGUAGE_STANDARD = "gnu++0x";
				CLANG_CXX_LIBRARY = "libc++";
				CLANG_ENABLE_MODULES = YES;
				CLANG_ENABLE_OBJC_ARC = YES;
				CLANG_WARN_BOOL_CONVERSION = YES;
				CLANG_WARN_CONSTANT_CONVERSION = YES;
				CLANG_WARN_DIRECT_OBJC_ISA_USAGE = YES_ERROR;
				CLANG_WARN_DOCUMENTATION_COMMENTS = YES;
				CLANG_WARN_EMPTY_BODY = YES;
				CLANG_WARN_ENUM_CONVERSION = YES;
				CLANG_WARN_INFINITE_RECURSION = YES;
				CLANG_WARN_INT_CONVERSION = YES;
				CLANG_WARN_OBJC_ROOT_CLASS = YES_ERROR;
				CLANG_WARN_SUSPICIOUS_MOVES = YES;
				CLANG_WARN_UNREACHABLE_CODE = YES;
				CLANG_WARN__DUPLICATE_METHOD_MATCH = YES;
				CODE_SIGN_IDENTITY = "-";
				COPY_PHASE_STRIP = NO;
				DEBUG_INFORMATION_FORMAT = "dwarf-with-dsym";
				ENABLE_NS_ASSERTIONS = NO;
				ENABLE_STRICT_OBJC_MSGSEND = YES;
				GCC_C_LANGUAGE_STANDARD = gnu99;
				GCC_NO_COMMON_BLOCKS = YES;
				GCC_WARN_64_TO_32_BIT_CONVERSION = YES;
				GCC_WARN_ABOUT_RETURN_TYPE = YES_ERROR;
				GCC_WARN_UNDECLARED_SELECTOR = YES;
				GCC_WARN_UNINITIALIZED_AUTOS = YES_AGGRESSIVE;
				GCC_WARN_UNUSED_FUNCTION = YES;
				GCC_WARN_UNUSED_VARIABLE = YES;
				MACOSX_DEPLOYMENT_TARGET = 10.11;
				MTL_ENABLE_DEBUG_INFO = NO;
				SDKROOT = macosx;
			};
			name = Release;
		};
		73B6A3391D9128D1005F3E4A /* Debug */ = {
			isa = XCBuildConfiguration;
			buildSettings = {
				PRODUCT_NAME = "$(TARGET_NAME)";
			};
			name = Debug;
		};
		73B6A33A1D9128D1005F3E4A /* Release */ = {
			isa = XCBuildConfiguration;
			buildSettings = {
				PRODUCT_NAME = "$(TARGET_NAME)";
			};
			name = Release;
		};
/* End XCBuildConfiguration section */

/* Begin XCConfigurationList section */
		73B6A32C1D9128D1005F3E4A /* Build configuration list for PBXProject "objectSample" */ = {
			isa = XCConfigurationList;
			buildConfigurations = (
				73B6A3361D9128D1005F3E4A /* Debug */,
				73B6A3371D9128D1005F3E4A /* Release */,
			);
			defaultConfigurationIsVisible = 0;
			defaultConfigurationName = Release;
		};
		73B6A3381D9128D1005F3E4A /* Build configuration list for PBXNativeTarget "objectSample" */ = {
			isa = XCConfigurationList;
			buildConfigurations = (
				73B6A3391D9128D1005F3E4A /* Debug */,
				73B6A33A1D9128D1005F3E4A /* Release */,
			);
			defaultConfigurationIsVisible = 0;
			defaultConfigurationName = Release;
		};
/* End XCConfigurationList section */
	};
	rootObject = 73B6A3291D9128D1005F3E4A /* Project object */;
}
