// !$*UTF8*$!
{
	archiveVersion = 1;
	classes = {
	};
	objectVersion = 46;
	objects = {

/* Begin PBXBuildFile section */
		7331DAE51DBD9E0700BFBD71 /* main.m in Sources */ = {isa = PBXBuildFile; fileRef = 7331DAE41DBD9E0700BFBD71 /* main.m */; };
		7331DAE81DBD9E0700BFBD71 /* AppDelegate.m in Sources */ = {isa = PBXBuildFile; fileRef = 7331DAE71DBD9E0700BFBD71 /* AppDelegate.m */; };
		7331DAEB1DBD9E0700BFBD71 /* ViewController.m in Sources */ = {isa = PBXBuildFile; fileRef = 7331DAEA1DBD9E0700BFBD71 /* ViewController.m */; };
		7331DAEE1DBD9E0700BFBD71 /* Main.storyboard in Resources */ = {isa = PBXBuildFile; fileRef = 7331DAEC1DBD9E0700BFBD71 /* Main.storyboard */; };
		7331DAF01DBD9E0700BFBD71 /* Assets.xcassets in Resources */ = {isa = PBXBuildFile; fileRef = 7331DAEF1DBD9E0700BFBD71 /* Assets.xcassets */; };
		7331DAF31DBD9E0700BFBD71 /* LaunchScreen.storyboard in Resources */ = {isa = PBXBuildFile; fileRef = 7331DAF11DBD9E0700BFBD71 /* LaunchScreen.storyboard */; };
		7331DAFC1DBD9E3B00BFBD71 /* JoinViewController.m in Sources */ = {isa = PBXBuildFile; fileRef = 7331DAFB1DBD9E3B00BFBD71 /* JoinViewController.m */; };
		7331DAFE1DBDA76500BFBD71 /* 3집.jpg in Resources */ = {isa = PBXBuildFile; fileRef = 7331DAFD1DBDA76500BFBD71 /* 3집.jpg */; };
/* End PBXBuildFile section */

/* Begin PBXFileReference section */
		7331DAE01DBD9E0700BFBD71 /* UIViewController.app */ = {isa = PBXFileReference; explicitFileType = wrapper.application; includeInIndex = 0; path = UIViewController.app; sourceTree = BUILT_PRODUCTS_DIR; };
		7331DAE41DBD9E0700BFBD71 /* main.m */ = {isa = PBXFileReference; lastKnownFileType = sourcecode.c.objc; path = main.m; sourceTree = "<group>"; };
		7331DAE61DBD9E0700BFBD71 /* AppDelegate.h */ = {isa = PBXFileReference; lastKnownFileType = sourcecode.c.h; path = AppDelegate.h; sourceTree = "<group>"; };
		7331DAE71DBD9E0700BFBD71 /* AppDelegate.m */ = {isa = PBXFileReference; lastKnownFileType = sourcecode.c.objc; path = AppDelegate.m; sourceTree = "<group>"; };
		7331DAE91DBD9E0700BFBD71 /* ViewController.h */ = {isa = PBXFileReference; lastKnownFileType = sourcecode.c.h; path = ViewController.h; sourceTree = "<group>"; };
		7331DAEA1DBD9E0700BFBD71 /* ViewController.m */ = {isa = PBXFileReference; lastKnownFileType = sourcecode.c.objc; path = ViewController.m; sourceTree = "<group>"; };
		7331DAED1DBD9E0700BFBD71 /* Base */ = {isa = PBXFileReference; lastKnownFileType = file.storyboard; name = Base; path = Base.lproj/Main.storyboard; sourceTree = "<group>"; };
		7331DAEF1DBD9E0700BFBD71 /* Assets.xcassets */ = {isa = PBXFileReference; lastKnownFileType = folder.assetcatalog; path = Assets.xcassets; sourceTree = "<group>"; };
		7331DAF21DBD9E0700BFBD71 /* Base */ = {isa = PBXFileReference; lastKnownFileType = file.storyboard; name = Base; path = Base.lproj/LaunchScreen.storyboard; sourceTree = "<group>"; };
		7331DAF41DBD9E0700BFBD71 /* Info.plist */ = {isa = PBXFileReference; lastKnownFileType = text.plist.xml; path = Info.plist; sourceTree = "<group>"; };
		7331DAFA1DBD9E3B00BFBD71 /* JoinViewController.h */ = {isa = PBXFileReference; fileEncoding = 4; lastKnownFileType = sourcecode.c.h; path = JoinViewController.h; sourceTree = "<group>"; };
		7331DAFB1DBD9E3B00BFBD71 /* JoinViewController.m */ = {isa = PBXFileReference; fileEncoding = 4; lastKnownFileType = sourcecode.c.objc; path = JoinViewController.m; sourceTree = "<group>"; };
		7331DAFD1DBDA76500BFBD71 /* 3집.jpg */ = {isa = PBXFileReference; lastKnownFileType = image.jpeg; path = "3집.jpg"; sourceTree = "<group>"; };
/* End PBXFileReference section */

/* Begin PBXFrameworksBuildPhase section */
		7331DADD1DBD9E0700BFBD71 /* Frameworks */ = {
			isa = PBXFrameworksBuildPhase;
			buildActionMask = 2147483647;
			files = (
			);
			runOnlyForDeploymentPostprocessing = 0;
		};
/* End PBXFrameworksBuildPhase section */

/* Begin PBXGroup section */
		7331DAD71DBD9E0700BFBD71 = {
			isa = PBXGroup;
			children = (
				7331DAE21DBD9E0700BFBD71 /* UIViewController */,
				7331DAE11DBD9E0700BFBD71 /* Products */,
			);
			sourceTree = "<group>";
		};
		7331DAE11DBD9E0700BFBD71 /* Products */ = {
			isa = PBXGroup;
			children = (
				7331DAE01DBD9E0700BFBD71 /* UIViewController.app */,
			);
			name = Products;
			sourceTree = "<group>";
		};
		7331DAE21DBD9E0700BFBD71 /* UIViewController */ = {
			isa = PBXGroup;
			children = (
				7331DAE61DBD9E0700BFBD71 /* AppDelegate.h */,
				7331DAE71DBD9E0700BFBD71 /* AppDelegate.m */,
				7331DAFD1DBDA76500BFBD71 /* 3집.jpg */,
				7331DAE91DBD9E0700BFBD71 /* ViewController.h */,
				7331DAEA1DBD9E0700BFBD71 /* ViewController.m */,
				7331DAFA1DBD9E3B00BFBD71 /* JoinViewController.h */,
				7331DAFB1DBD9E3B00BFBD71 /* JoinViewController.m */,
				7331DAEC1DBD9E0700BFBD71 /* Main.storyboard */,
				7331DAEF1DBD9E0700BFBD71 /* Assets.xcassets */,
				7331DAF11DBD9E0700BFBD71 /* LaunchScreen.storyboard */,
				7331DAF41DBD9E0700BFBD71 /* Info.plist */,
				7331DAE31DBD9E0700BFBD71 /* Supporting Files */,
			);
			path = UIViewController;
			sourceTree = "<group>";
		};
		7331DAE31DBD9E0700BFBD71 /* Supporting Files */ = {
			isa = PBXGroup;
			children = (
				7331DAE41DBD9E0700BFBD71 /* main.m */,
			);
			name = "Supporting Files";
			sourceTree = "<group>";
		};
/* End PBXGroup section */

/* Begin PBXNativeTarget section */
		7331DADF1DBD9E0700BFBD71 /* UIViewController */ = {
			isa = PBXNativeTarget;
			buildConfigurationList = 7331DAF71DBD9E0700BFBD71 /* Build configuration list for PBXNativeTarget "UIViewController" */;
			buildPhases = (
				7331DADC1DBD9E0700BFBD71 /* Sources */,
				7331DADD1DBD9E0700BFBD71 /* Frameworks */,
				7331DADE1DBD9E0700BFBD71 /* Resources */,
			);
			buildRules = (
			);
			dependencies = (
			);
			name = UIViewController;
			productName = UIViewController;
			productReference = 7331DAE01DBD9E0700BFBD71 /* UIViewController.app */;
			productType = "com.apple.product-type.application";
		};
/* End PBXNativeTarget section */

/* Begin PBXProject section */
		7331DAD81DBD9E0700BFBD71 /* Project object */ = {
			isa = PBXProject;
			attributes = {
				LastUpgradeCheck = 0800;
				ORGANIZATIONNAME = jakouk;
				TargetAttributes = {
					7331DADF1DBD9E0700BFBD71 = {
						CreatedOnToolsVersion = 8.0;
						ProvisioningStyle = Automatic;
					};
				};
			};
			buildConfigurationList = 7331DADB1DBD9E0700BFBD71 /* Build configuration list for PBXProject "UIViewController" */;
			compatibilityVersion = "Xcode 3.2";
			developmentRegion = English;
			hasScannedForEncodings = 0;
			knownRegions = (
				en,
				Base,
			);
			mainGroup = 7331DAD71DBD9E0700BFBD71;
			productRefGroup = 7331DAE11DBD9E0700BFBD71 /* Products */;
			projectDirPath = "";
			projectRoot = "";
			targets = (
				7331DADF1DBD9E0700BFBD71 /* UIViewController */,
			);
		};
/* End PBXProject section */

/* Begin PBXResourcesBuildPhase section */
		7331DADE1DBD9E0700BFBD71 /* Resources */ = {
			isa = PBXResourcesBuildPhase;
			buildActionMask = 2147483647;
			files = (
				7331DAF31DBD9E0700BFBD71 /* LaunchScreen.storyboard in Resources */,
				7331DAF01DBD9E0700BFBD71 /* Assets.xcassets in Resources */,
				7331DAEE1DBD9E0700BFBD71 /* Main.storyboard in Resources */,
				7331DAFE1DBDA76500BFBD71 /* 3집.jpg in Resources */,
			);
			runOnlyForDeploymentPostprocessing = 0;
		};
/* End PBXResourcesBuildPhase section */

/* Begin PBXSourcesBuildPhase section */
		7331DADC1DBD9E0700BFBD71 /* Sources */ = {
			isa = PBXSourcesBuildPhase;
			buildActionMask = 2147483647;
			files = (
				7331DAEB1DBD9E0700BFBD71 /* ViewController.m in Sources */,
				7331DAE81DBD9E0700BFBD71 /* AppDelegate.m in Sources */,
				7331DAFC1DBD9E3B00BFBD71 /* JoinViewController.m in Sources */,
				7331DAE51DBD9E0700BFBD71 /* main.m in Sources */,
			);
			runOnlyForDeploymentPostprocessing = 0;
		};
/* End PBXSourcesBuildPhase section */

/* Begin PBXVariantGroup section */
		7331DAEC1DBD9E0700BFBD71 /* Main.storyboard */ = {
			isa = PBXVariantGroup;
			children = (
				7331DAED1DBD9E0700BFBD71 /* Base */,
			);
			name = Main.storyboard;
			sourceTree = "<group>";
		};
		7331DAF11DBD9E0700BFBD71 /* LaunchScreen.storyboard */ = {
			isa = PBXVariantGroup;
			children = (
				7331DAF21DBD9E0700BFBD71 /* Base */,
			);
			name = LaunchScreen.storyboard;
			sourceTree = "<group>";
		};
/* End PBXVariantGroup section */

/* Begin XCBuildConfiguration section */
		7331DAF51DBD9E0700BFBD71 /* Debug */ = {
			isa = XCBuildConfiguration;
			buildSettings = {
				ALWAYS_SEARCH_USER_PATHS = NO;
				CLANG_ANALYZER_NONNULL = YES;
				CLANG_CXX_LANGUAGE_STANDARD = "gnu++0x";
				CLANG_CXX_LIBRARY = "libc++";
				CLANG_ENABLE_MODULES = YES;
				CLANG_ENABLE_OBJC_ARC = YES;
				CLANG_WARN_BOOL_CONVERSION = YES;
				CLANG_WARN_CONSTANT_CONVERSION = YES;
				CLANG_WARN_DIRECT_OBJC_ISA_USAGE = YES_ERROR;
				CLANG_WARN_DOCUMENTATION_COMMENTS = YES;
				CLANG_WARN_EMPTY_BODY = YES;
				CLANG_WARN_ENUM_CONVERSION = YES;
				CLANG_WARN_INFINITE_RECURSION = YES;
				CLANG_WARN_INT_CONVERSION = YES;
				CLANG_WARN_OBJC_ROOT_CLASS = YES_ERROR;
				CLANG_WARN_SUSPICIOUS_MOVES = YES;
				CLANG_WARN_UNREACHABLE_CODE = YES;
				CLANG_WARN__DUPLICATE_METHOD_MATCH = YES;
				"CODE_SIGN_IDENTITY[sdk=iphoneos*]" = "iPhone Developer";
				COPY_PHASE_STRIP = NO;
				DEBUG_INFORMATION_FORMAT = dwarf;
				ENABLE_STRICT_OBJC_MSGSEND = YES;
				ENABLE_TESTABILITY = YES;
				GCC_C_LANGUAGE_STANDARD = gnu99;
				GCC_DYNAMIC_NO_PIC = NO;
				GCC_NO_COMMON_BLOCKS = YES;
				GCC_OPTIMIZATION_LEVEL = 0;
				GCC_PREPROCESSOR_DEFINITIONS = (
					"DEBUG=1",
					"$(inherited)",
				);
				GCC_WARN_64_TO_32_BIT_CONVERSION = YES;
				GCC_WARN_ABOUT_RETURN_TYPE = YES_ERROR;
				GCC_WARN_UNDECLARED_SELECTOR = YES;
				GCC_WARN_UNINITIALIZED_AUTOS = YES_AGGRESSIVE;
				GCC_WARN_UNUSED_FUNCTION = YES;
				GCC_WARN_UNUSED_VARIABLE = YES;
				IPHONEOS_DEPLOYMENT_TARGET = 10.0;
				MTL_ENABLE_DEBUG_INFO = YES;
				ONLY_ACTIVE_ARCH = YES;
				SDKROOT = iphoneos;
			};
			name = Debug;
		};
		7331DAF61DBD9E0700BFBD71 /* Release */ = {
			isa = XCBuildConfiguration;
			buildSettings = {
				ALWAYS_SEARCH_USER_PATHS = NO;
				CLANG_ANALYZER_NONNULL = YES;
				CLANG_CXX_LANGUAGE_STANDARD = "gnu++0x";
				CLANG_CXX_LIBRARY = "libc++";
				CLANG_ENABLE_MODULES = YES;
				CLANG_ENABLE_OBJC_ARC = YES;
				CLANG_WARN_BOOL_CONVERSION = YES;
				CLANG_WARN_CONSTANT_CONVERSION = YES;
				CLANG_WARN_DIRECT_OBJC_ISA_USAGE = YES_ERROR;
				CLANG_WARN_DOCUMENTATION_COMMENTS = YES;
				CLANG_WARN_EMPTY_BODY = YES;
				CLANG_WARN_ENUM_CONVERSION = YES;
				CLANG_WARN_INFINITE_RECURSION = YES;
				CLANG_WARN_INT_CONVERSION = YES;
				CLANG_WARN_OBJC_ROOT_CLASS = YES_ERROR;
				CLANG_WARN_SUSPICIOUS_MOVES = YES;
				CLANG_WARN_UNREACHABLE_CODE = YES;
				CLANG_WARN__DUPLICATE_METHOD_MATCH = YES;
				"CODE_SIGN_IDENTITY[sdk=iphoneos*]" = "iPhone Developer";
				COPY_PHASE_STRIP = NO;
				DEBUG_INFORMATION_FORMAT = "dwarf-with-dsym";
				ENABLE_NS_ASSERTIONS = NO;
				ENABLE_STRICT_OBJC_MSGSEND = YES;
				GCC_C_LANGUAGE_STANDARD = gnu99;
				GCC_NO_COMMON_BLOCKS = YES;
				GCC_WARN_64_TO_32_BIT_CONVERSION = YES;
				GCC_WARN_ABOUT_RETURN_TYPE = YES_ERROR;
				GCC_WARN_UNDECLARED_SELECTOR = YES;
				GCC_WARN_UNINITIALIZED_AUTOS = YES_AGGRESSIVE;
				GCC_WARN_UNUSED_FUNCTION = YES;
				GCC_WARN_UNUSED_VARIABLE = YES;
				IPHONEOS_DEPLOYMENT_TARGET = 10.0;
				MTL_ENABLE_DEBUG_INFO = NO;
				SDKROOT = iphoneos;
				VALIDATE_PRODUCT = YES;
			};
			name = Release;
		};
		7331DAF81DBD9E0700BFBD71 /* Debug */ = {
			isa = XCBuildConfiguration;
			buildSettings = {
				ASSETCATALOG_COMPILER_APPICON_NAME = AppIcon;
				INFOPLIST_FILE = UIViewController/Info.plist;
				LD_RUNPATH_SEARCH_PATHS = "$(inherited) @executable_path/Frameworks";
				PRODUCT_BUNDLE_IDENTIFIER = com.test.UIViewController;
				PRODUCT_NAME = "$(TARGET_NAME)";
			};
			name = Debug;
		};
		7331DAF91DBD9E0700BFBD71 /* Release */ = {
			isa = XCBuildConfiguration;
			buildSettings = {
				ASSETCATALOG_COMPILER_APPICON_NAME = AppIcon;
				INFOPLIST_FILE = UIViewController/Info.plist;
				LD_RUNPATH_SEARCH_PATHS = "$(inherited) @executable_path/Frameworks";
				PRODUCT_BUNDLE_IDENTIFIER = com.test.UIViewController;
				PRODUCT_NAME = "$(TARGET_NAME)";
			};
			name = Release;
		};
/* End XCBuildConfiguration section */

/* Begin XCConfigurationList section */
		7331DADB1DBD9E0700BFBD71 /* Build configuration list for PBXProject "UIViewController" */ = {
			isa = XCConfigurationList;
			buildConfigurations = (
				7331DAF51DBD9E0700BFBD71 /* Debug */,
				7331DAF61DBD9E0700BFBD71 /* Release */,
			);
			defaultConfigurationIsVisible = 0;
			defaultConfigurationName = Release;
		};
		7331DAF71DBD9E0700BFBD71 /* Build configuration list for PBXNativeTarget "UIViewController" */ = {
			isa = XCConfigurationList;
			buildConfigurations = (
				7331DAF81DBD9E0700BFBD71 /* Debug */,
				7331DAF91DBD9E0700BFBD71 /* Release */,
			);
			defaultConfigurationIsVisible = 0;
		};
/* End XCConfigurationList section */
	};
	rootObject = 7331DAD81DBD9E0700BFBD71 /* Project object */;
}
