// !$*UTF8*$!
{
	archiveVersion = 1;
	classes = {
	};
	objectVersion = 46;
	objects = {

/* Begin PBXBuildFile section */
		73B6A3031D90C3A1005F3E4A /* main.m in Sources */ = {isa = PBXBuildFile; fileRef = 73B6A3021D90C3A1005F3E4A /* main.m */; };
		73B6A30E1D90C3D5005F3E4A /* Warrior.m in Sources */ = {isa = PBXBuildFile; fileRef = 73B6A30D1D90C3D5005F3E4A /* Warrior.m */; };
		73B6A3111D90C3DF005F3E4A /* Wizard.m in Sources */ = {isa = PBXBuildFile; fileRef = 73B6A3101D90C3DF005F3E4A /* Wizard.m */; };
		73B6A3141D90CC1D005F3E4A /* Person.m in Sources */ = {isa = PBXBuildFile; fileRef = 73B6A3131D90CC1D005F3E4A /* Person.m */; };
/* End PBXBuildFile section */

/* Begin PBXCopyFilesBuildPhase section */
		73B6A2FD1D90C3A1005F3E4A /* CopyFiles */ = {
			isa = PBXCopyFilesBuildPhase;
			buildActionMask = 2147483647;
			dstPath = /usr/share/man/man1/;
			dstSubfolderSpec = 0;
			files = (
			);
			runOnlyForDeploymentPostprocessing = 1;
		};
/* End PBXCopyFilesBuildPhase section */

/* Begin PBXFileReference section */
		73B6A2FF1D90C3A1005F3E4A /* Example0920 */ = {isa = PBXFileReference; explicitFileType = "compiled.mach-o.executable"; includeInIndex = 0; path = Example0920; sourceTree = BUILT_PRODUCTS_DIR; };
		73B6A3021D90C3A1005F3E4A /* main.m */ = {isa = PBXFileReference; lastKnownFileType = sourcecode.c.objc; path = main.m; sourceTree = "<group>"; };
		73B6A30C1D90C3D5005F3E4A /* Warrior.h */ = {isa = PBXFileReference; fileEncoding = 4; lastKnownFileType = sourcecode.c.h; path = Warrior.h; sourceTree = "<group>"; };
		73B6A30D1D90C3D5005F3E4A /* Warrior.m */ = {isa = PBXFileReference; fileEncoding = 4; lastKnownFileType = sourcecode.c.objc; path = Warrior.m; sourceTree = "<group>"; };
		73B6A30F1D90C3DF005F3E4A /* Wizard.h */ = {isa = PBXFileReference; fileEncoding = 4; lastKnownFileType = sourcecode.c.h; path = Wizard.h; sourceTree = "<group>"; };
		73B6A3101D90C3DF005F3E4A /* Wizard.m */ = {isa = PBXFileReference; fileEncoding = 4; lastKnownFileType = sourcecode.c.objc; path = Wizard.m; sourceTree = "<group>"; };
		73B6A3121D90CC1D005F3E4A /* Person.h */ = {isa = PBXFileReference; fileEncoding = 4; lastKnownFileType = sourcecode.c.h; path = Person.h; sourceTree = "<group>"; };
		73B6A3131D90CC1D005F3E4A /* Person.m */ = {isa = PBXFileReference; fileEncoding = 4; lastKnownFileType = sourcecode.c.objc; path = Person.m; sourceTree = "<group>"; };
/* End PBXFileReference section */

/* Begin PBXFrameworksBuildPhase section */
		73B6A2FC1D90C3A1005F3E4A /* Frameworks */ = {
			isa = PBXFrameworksBuildPhase;
			buildActionMask = 2147483647;
			files = (
			);
			runOnlyForDeploymentPostprocessing = 0;
		};
/* End PBXFrameworksBuildPhase section */

/* Begin PBXGroup section */
		73B6A2F61D90C3A1005F3E4A = {
			isa = PBXGroup;
			children = (
				73B6A3011D90C3A1005F3E4A /* Example0920 */,
				73B6A3001D90C3A1005F3E4A /* Products */,
			);
			sourceTree = "<group>";
		};
		73B6A3001D90C3A1005F3E4A /* Products */ = {
			isa = PBXGroup;
			children = (
				73B6A2FF1D90C3A1005F3E4A /* Example0920 */,
			);
			name = Products;
			sourceTree = "<group>";
		};
		73B6A3011D90C3A1005F3E4A /* Example0920 */ = {
			isa = PBXGroup;
			children = (
				73B6A3021D90C3A1005F3E4A /* main.m */,
				73B6A3121D90CC1D005F3E4A /* Person.h */,
				73B6A3131D90CC1D005F3E4A /* Person.m */,
				73B6A30C1D90C3D5005F3E4A /* Warrior.h */,
				73B6A30D1D90C3D5005F3E4A /* Warrior.m */,
				73B6A30F1D90C3DF005F3E4A /* Wizard.h */,
				73B6A3101D90C3DF005F3E4A /* Wizard.m */,
			);
			path = Example0920;
			sourceTree = "<group>";
		};
/* End PBXGroup section */

/* Begin PBXNativeTarget section */
		73B6A2FE1D90C3A1005F3E4A /* Example0920 */ = {
			isa = PBXNativeTarget;
			buildConfigurationList = 73B6A3061D90C3A1005F3E4A /* Build configuration list for PBXNativeTarget "Example0920" */;
			buildPhases = (
				73B6A2FB1D90C3A1005F3E4A /* Sources */,
				73B6A2FC1D90C3A1005F3E4A /* Frameworks */,
				73B6A2FD1D90C3A1005F3E4A /* CopyFiles */,
			);
			buildRules = (
			);
			dependencies = (
			);
			name = Example0920;
			productName = Example0920;
			productReference = 73B6A2FF1D90C3A1005F3E4A /* Example0920 */;
			productType = "com.apple.product-type.tool";
		};
/* End PBXNativeTarget section */

/* Begin PBXProject section */
		73B6A2F71D90C3A1005F3E4A /* Project object */ = {
			isa = PBXProject;
			attributes = {
				LastUpgradeCheck = 0800;
				ORGANIZATIONNAME = jakouk;
				TargetAttributes = {
					73B6A2FE1D90C3A1005F3E4A = {
						CreatedOnToolsVersion = 8.0;
						ProvisioningStyle = Automatic;
					};
				};
			};
			buildConfigurationList = 73B6A2FA1D90C3A1005F3E4A /* Build configuration list for PBXProject "Example0920" */;
			compatibilityVersion = "Xcode 3.2";
			developmentRegion = English;
			hasScannedForEncodings = 0;
			knownRegions = (
				en,
			);
			mainGroup = 73B6A2F61D90C3A1005F3E4A;
			productRefGroup = 73B6A3001D90C3A1005F3E4A /* Products */;
			projectDirPath = "";
			projectRoot = "";
			targets = (
				73B6A2FE1D90C3A1005F3E4A /* Example0920 */,
			);
		};
/* End PBXProject section */

/* Begin PBXSourcesBuildPhase section */
		73B6A2FB1D90C3A1005F3E4A /* Sources */ = {
			isa = PBXSourcesBuildPhase;
			buildActionMask = 2147483647;
			files = (
				73B6A3111D90C3DF005F3E4A /* Wizard.m in Sources */,
				73B6A30E1D90C3D5005F3E4A /* Warrior.m in Sources */,
				73B6A3141D90CC1D005F3E4A /* Person.m in Sources */,
				73B6A3031D90C3A1005F3E4A /* main.m in Sources */,
			);
			runOnlyForDeploymentPostprocessing = 0;
		};
/* End PBXSourcesBuildPhase section */

/* Begin XCBuildConfiguration section */
		73B6A3041D90C3A1005F3E4A /* Debug */ = {
			isa = XCBuildConfiguration;
			buildSettings = {
				ALWAYS_SEARCH_USER_PATHS = NO;
				CLANG_ANALYZER_NONNULL = YES;
				CLANG_CXX_LANGUAGE_STANDARD = "gnu++0x";
				CLANG_CXX_LIBRARY = "libc++";
				CLANG_ENABLE_MODULES = YES;
				CLANG_ENABLE_OBJC_ARC = YES;
				CLANG_WARN_BOOL_CONVERSION = YES;
				CLANG_WARN_CONSTANT_CONVERSION = YES;
				CLANG_WARN_DIRECT_OBJC_ISA_USAGE = YES_ERROR;
				CLANG_WARN_DOCUMENTATION_COMMENTS = YES;
				CLANG_WARN_EMPTY_BODY = YES;
				CLANG_WARN_ENUM_CONVERSION = YES;
				CLANG_WARN_INFINITE_RECURSION = YES;
				CLANG_WARN_INT_CONVERSION = YES;
				CLANG_WARN_OBJC_ROOT_CLASS = YES_ERROR;
				CLANG_WARN_SUSPICIOUS_MOVES = YES;
				CLANG_WARN_UNREACHABLE_CODE = YES;
				CLANG_WARN__DUPLICATE_METHOD_MATCH = YES;
				CODE_SIGN_IDENTITY = "-";
				COPY_PHASE_STRIP = NO;
				DEBUG_INFORMATION_FORMAT = dwarf;
				ENABLE_STRICT_OBJC_MSGSEND = YES;
				ENABLE_TESTABILITY = YES;
				GCC_C_LANGUAGE_STANDARD = gnu99;
				GCC_DYNAMIC_NO_PIC = NO;
				GCC_NO_COMMON_BLOCKS = YES;
				GCC_OPTIMIZATION_LEVEL = 0;
				GCC_PREPROCESSOR_DEFINITIONS = (
					"DEBUG=1",
					"$(inherited)",
				);
				GCC_WARN_64_TO_32_BIT_CONVERSION = YES;
				GCC_WARN_ABOUT_RETURN_TYPE = YES_ERROR;
				GCC_WARN_UNDECLARED_SELECTOR = YES;
				GCC_WARN_UNINITIALIZED_AUTOS = YES_AGGRESSIVE;
				GCC_WARN_UNUSED_FUNCTION = YES;
				GCC_WARN_UNUSED_VARIABLE = YES;
				MACOSX_DEPLOYMENT_TARGET = 10.11;
				MTL_ENABLE_DEBUG_INFO = YES;
				ONLY_ACTIVE_ARCH = YES;
				SDKROOT = macosx;
			};
			name = Debug;
		};
		73B6A3051D90C3A1005F3E4A /* Release */ = {
			isa = XCBuildConfiguration;
			buildSettings = {
				ALWAYS_SEARCH_USER_PATHS = NO;
				CLANG_ANALYZER_NONNULL = YES;
				CLANG_CXX_LANGUAGE_STANDARD = "gnu++0x";
				CLANG_CXX_LIBRARY = "libc++";
				CLANG_ENABLE_MODULES = YES;
				CLANG_ENABLE_OBJC_ARC = YES;
				CLANG_WARN_BOOL_CONVERSION = YES;
				CLANG_WARN_CONSTANT_CONVERSION = YES;
				CLANG_WARN_DIRECT_OBJC_ISA_USAGE = YES_ERROR;
				CLANG_WARN_DOCUMENTATION_COMMENTS = YES;
				CLANG_WARN_EMPTY_BODY = YES;
				CLANG_WARN_ENUM_CONVERSION = YES;
				CLANG_WARN_INFINITE_RECURSION = YES;
				CLANG_WARN_INT_CONVERSION = YES;
				CLANG_WARN_OBJC_ROOT_CLASS = YES_ERROR;
				CLANG_WARN_SUSPICIOUS_MOVES = YES;
				CLANG_WARN_UNREACHABLE_CODE = YES;
				CLANG_WARN__DUPLICATE_METHOD_MATCH = YES;
				CODE_SIGN_IDENTITY = "-";
				COPY_PHASE_STRIP = NO;
				DEBUG_INFORMATION_FORMAT = "dwarf-with-dsym";
				ENABLE_NS_ASSERTIONS = NO;
				ENABLE_STRICT_OBJC_MSGSEND = YES;
				GCC_C_LANGUAGE_STANDARD = gnu99;
				GCC_NO_COMMON_BLOCKS = YES;
				GCC_WARN_64_TO_32_BIT_CONVERSION = YES;
				GCC_WARN_ABOUT_RETURN_TYPE = YES_ERROR;
				GCC_WARN_UNDECLARED_SELECTOR = YES;
				GCC_WARN_UNINITIALIZED_AUTOS = YES_AGGRESSIVE;
				GCC_WARN_UNUSED_FUNCTION = YES;
				GCC_WARN_UNUSED_VARIABLE = YES;
				MACOSX_DEPLOYMENT_TARGET = 10.11;
				MTL_ENABLE_DEBUG_INFO = NO;
				SDKROOT = macosx;
			};
			name = Release;
		};
		73B6A3071D90C3A1005F3E4A /* Debug */ = {
			isa = XCBuildConfiguration;
			buildSettings = {
				PRODUCT_NAME = "$(TARGET_NAME)";
			};
			name = Debug;
		};
		73B6A3081D90C3A1005F3E4A /* Release */ = {
			isa = XCBuildConfiguration;
			buildSettings = {
				PRODUCT_NAME = "$(TARGET_NAME)";
			};
			name = Release;
		};
/* End XCBuildConfiguration section */

/* Begin XCConfigurationList section */
		73B6A2FA1D90C3A1005F3E4A /* Build configuration list for PBXProject "Example0920" */ = {
			isa = XCConfigurationList;
			buildConfigurations = (
				73B6A3041D90C3A1005F3E4A /* Debug */,
				73B6A3051D90C3A1005F3E4A /* Release */,
			);
			defaultConfigurationIsVisible = 0;
			defaultConfigurationName = Release;
		};
		73B6A3061D90C3A1005F3E4A /* Build configuration list for PBXNativeTarget "Example0920" */ = {
			isa = XCConfigurationList;
			buildConfigurations = (
				73B6A3071D90C3A1005F3E4A /* Debug */,
				73B6A3081D90C3A1005F3E4A /* Release */,
			);
			defaultConfigurationIsVisible = 0;
			defaultConfigurationName = Release;
		};
/* End XCConfigurationList section */
	};
	rootObject = 73B6A2F71D90C3A1005F3E4A /* Project object */;
}
