// !$*UTF8*$!
{
	archiveVersion = 1;
	classes = {
	};
	objectVersion = 46;
	objects = {

/* Begin PBXBuildFile section */
		73C3689C1DA65C9800A84730 /* Bracket.m in Sources */ = {isa = PBXBuildFile; fileRef = 73C3689B1DA65C9800A84730 /* Bracket.m */; };
		73C3689F1DA65F7D00A84730 /* BracketNew.m in Sources */ = {isa = PBXBuildFile; fileRef = 73C3689E1DA65F7D00A84730 /* BracketNew.m */; };
		73D505881DA5EAC400044309 /* main.m in Sources */ = {isa = PBXBuildFile; fileRef = 73D505871DA5EAC400044309 /* main.m */; };
		73D505901DA5EAD700044309 /* Node.m in Sources */ = {isa = PBXBuildFile; fileRef = 73D5058F1DA5EAD700044309 /* Node.m */; };
		73D505931DA5EAE100044309 /* Stack.m in Sources */ = {isa = PBXBuildFile; fileRef = 73D505921DA5EAE100044309 /* Stack.m */; };
		73D505961DA6152D00044309 /* Queue.m in Sources */ = {isa = PBXBuildFile; fileRef = 73D505951DA6152D00044309 /* Queue.m */; };
/* End PBXBuildFile section */

/* Begin PBXCopyFilesBuildPhase section */
		73D505821DA5EAC400044309 /* CopyFiles */ = {
			isa = PBXCopyFilesBuildPhase;
			buildActionMask = 2147483647;
			dstPath = /usr/share/man/man1/;
			dstSubfolderSpec = 0;
			files = (
			);
			runOnlyForDeploymentPostprocessing = 1;
		};
/* End PBXCopyFilesBuildPhase section */

/* Begin PBXFileReference section */
		73C3689A1DA65C9800A84730 /* Bracket.h */ = {isa = PBXFileReference; fileEncoding = 4; lastKnownFileType = sourcecode.c.h; path = Bracket.h; sourceTree = "<group>"; };
		73C3689B1DA65C9800A84730 /* Bracket.m */ = {isa = PBXFileReference; fileEncoding = 4; lastKnownFileType = sourcecode.c.objc; path = Bracket.m; sourceTree = "<group>"; };
		73C3689D1DA65F7D00A84730 /* BracketNew.h */ = {isa = PBXFileReference; fileEncoding = 4; lastKnownFileType = sourcecode.c.h; path = BracketNew.h; sourceTree = "<group>"; };
		73C3689E1DA65F7D00A84730 /* BracketNew.m */ = {isa = PBXFileReference; fileEncoding = 4; lastKnownFileType = sourcecode.c.objc; path = BracketNew.m; sourceTree = "<group>"; };
		73D505841DA5EAC400044309 /* Stack */ = {isa = PBXFileReference; explicitFileType = "compiled.mach-o.executable"; includeInIndex = 0; path = Stack; sourceTree = BUILT_PRODUCTS_DIR; };
		73D505871DA5EAC400044309 /* main.m */ = {isa = PBXFileReference; lastKnownFileType = sourcecode.c.objc; path = main.m; sourceTree = "<group>"; };
		73D5058E1DA5EAD700044309 /* Node.h */ = {isa = PBXFileReference; fileEncoding = 4; lastKnownFileType = sourcecode.c.h; path = Node.h; sourceTree = "<group>"; };
		73D5058F1DA5EAD700044309 /* Node.m */ = {isa = PBXFileReference; fileEncoding = 4; lastKnownFileType = sourcecode.c.objc; path = Node.m; sourceTree = "<group>"; };
		73D505911DA5EAE100044309 /* Stack.h */ = {isa = PBXFileReference; fileEncoding = 4; lastKnownFileType = sourcecode.c.h; path = Stack.h; sourceTree = "<group>"; };
		73D505921DA5EAE100044309 /* Stack.m */ = {isa = PBXFileReference; fileEncoding = 4; lastKnownFileType = sourcecode.c.objc; path = Stack.m; sourceTree = "<group>"; };
		73D505941DA6152D00044309 /* Queue.h */ = {isa = PBXFileReference; fileEncoding = 4; lastKnownFileType = sourcecode.c.h; path = Queue.h; sourceTree = "<group>"; };
		73D505951DA6152D00044309 /* Queue.m */ = {isa = PBXFileReference; fileEncoding = 4; lastKnownFileType = sourcecode.c.objc; path = Queue.m; sourceTree = "<group>"; };
/* End PBXFileReference section */

/* Begin PBXFrameworksBuildPhase section */
		73D505811DA5EAC400044309 /* Frameworks */ = {
			isa = PBXFrameworksBuildPhase;
			buildActionMask = 2147483647;
			files = (
			);
			runOnlyForDeploymentPostprocessing = 0;
		};
/* End PBXFrameworksBuildPhase section */

/* Begin PBXGroup section */
		73D5057B1DA5EAC400044309 = {
			isa = PBXGroup;
			children = (
				73D505861DA5EAC400044309 /* Stack */,
				73D505851DA5EAC400044309 /* Products */,
			);
			sourceTree = "<group>";
		};
		73D505851DA5EAC400044309 /* Products */ = {
			isa = PBXGroup;
			children = (
				73D505841DA5EAC400044309 /* Stack */,
			);
			name = Products;
			sourceTree = "<group>";
		};
		73D505861DA5EAC400044309 /* Stack */ = {
			isa = PBXGroup;
			children = (
				73D505871DA5EAC400044309 /* main.m */,
				73D505941DA6152D00044309 /* Queue.h */,
				73D505951DA6152D00044309 /* Queue.m */,
				73D505911DA5EAE100044309 /* Stack.h */,
				73D505921DA5EAE100044309 /* Stack.m */,
				73D5058E1DA5EAD700044309 /* Node.h */,
				73D5058F1DA5EAD700044309 /* Node.m */,
				73C3689A1DA65C9800A84730 /* Bracket.h */,
				73C3689B1DA65C9800A84730 /* Bracket.m */,
				73C3689D1DA65F7D00A84730 /* BracketNew.h */,
				73C3689E1DA65F7D00A84730 /* BracketNew.m */,
			);
			path = Stack;
			sourceTree = "<group>";
		};
/* End PBXGroup section */

/* Begin PBXNativeTarget section */
		73D505831DA5EAC400044309 /* Stack */ = {
			isa = PBXNativeTarget;
			buildConfigurationList = 73D5058B1DA5EAC400044309 /* Build configuration list for PBXNativeTarget "Stack" */;
			buildPhases = (
				73D505801DA5EAC400044309 /* Sources */,
				73D505811DA5EAC400044309 /* Frameworks */,
				73D505821DA5EAC400044309 /* CopyFiles */,
			);
			buildRules = (
			);
			dependencies = (
			);
			name = Stack;
			productName = Stack;
			productReference = 73D505841DA5EAC400044309 /* Stack */;
			productType = "com.apple.product-type.tool";
		};
/* End PBXNativeTarget section */

/* Begin PBXProject section */
		73D5057C1DA5EAC400044309 /* Project object */ = {
			isa = PBXProject;
			attributes = {
				LastUpgradeCheck = 0800;
				ORGANIZATIONNAME = jakouk;
				TargetAttributes = {
					73D505831DA5EAC400044309 = {
						CreatedOnToolsVersion = 8.0;
						ProvisioningStyle = Automatic;
					};
				};
			};
			buildConfigurationList = 73D5057F1DA5EAC400044309 /* Build configuration list for PBXProject "Stack" */;
			compatibilityVersion = "Xcode 3.2";
			developmentRegion = English;
			hasScannedForEncodings = 0;
			knownRegions = (
				en,
			);
			mainGroup = 73D5057B1DA5EAC400044309;
			productRefGroup = 73D505851DA5EAC400044309 /* Products */;
			projectDirPath = "";
			projectRoot = "";
			targets = (
				73D505831DA5EAC400044309 /* Stack */,
			);
		};
/* End PBXProject section */

/* Begin PBXSourcesBuildPhase section */
		73D505801DA5EAC400044309 /* Sources */ = {
			isa = PBXSourcesBuildPhase;
			buildActionMask = 2147483647;
			files = (
				73D505931DA5EAE100044309 /* Stack.m in Sources */,
				73C3689F1DA65F7D00A84730 /* BracketNew.m in Sources */,
				73D505881DA5EAC400044309 /* main.m in Sources */,
				73D505901DA5EAD700044309 /* Node.m in Sources */,
				73C3689C1DA65C9800A84730 /* Bracket.m in Sources */,
				73D505961DA6152D00044309 /* Queue.m in Sources */,
			);
			runOnlyForDeploymentPostprocessing = 0;
		};
/* End PBXSourcesBuildPhase section */

/* Begin XCBuildConfiguration section */
		73D505891DA5EAC400044309 /* Debug */ = {
			isa = XCBuildConfiguration;
			buildSettings = {
				ALWAYS_SEARCH_USER_PATHS = NO;
				CLANG_ANALYZER_NONNULL = YES;
				CLANG_CXX_LANGUAGE_STANDARD = "gnu++0x";
				CLANG_CXX_LIBRARY = "libc++";
				CLANG_ENABLE_MODULES = YES;
				CLANG_ENABLE_OBJC_ARC = YES;
				CLANG_WARN_BOOL_CONVERSION = YES;
				CLANG_WARN_CONSTANT_CONVERSION = YES;
				CLANG_WARN_DIRECT_OBJC_ISA_USAGE = YES_ERROR;
				CLANG_WARN_DOCUMENTATION_COMMENTS = YES;
				CLANG_WARN_EMPTY_BODY = YES;
				CLANG_WARN_ENUM_CONVERSION = YES;
				CLANG_WARN_INFINITE_RECURSION = YES;
				CLANG_WARN_INT_CONVERSION = YES;
				CLANG_WARN_OBJC_ROOT_CLASS = YES_ERROR;
				CLANG_WARN_SUSPICIOUS_MOVES = YES;
				CLANG_WARN_UNREACHABLE_CODE = YES;
				CLANG_WARN__DUPLICATE_METHOD_MATCH = YES;
				CODE_SIGN_IDENTITY = "-";
				COPY_PHASE_STRIP = NO;
				DEBUG_INFORMATION_FORMAT = dwarf;
				ENABLE_STRICT_OBJC_MSGSEND = YES;
				ENABLE_TESTABILITY = YES;
				GCC_C_LANGUAGE_STANDARD = gnu99;
				GCC_DYNAMIC_NO_PIC = NO;
				GCC_NO_COMMON_BLOCKS = YES;
				GCC_OPTIMIZATION_LEVEL = 0;
				GCC_PREPROCESSOR_DEFINITIONS = (
					"DEBUG=1",
					"$(inherited)",
				);
				GCC_WARN_64_TO_32_BIT_CONVERSION = YES;
				GCC_WARN_ABOUT_RETURN_TYPE = YES_ERROR;
				GCC_WARN_UNDECLARED_SELECTOR = YES;
				GCC_WARN_UNINITIALIZED_AUTOS = YES_AGGRESSIVE;
				GCC_WARN_UNUSED_FUNCTION = YES;
				GCC_WARN_UNUSED_VARIABLE = YES;
				MACOSX_DEPLOYMENT_TARGET = 10.12;
				MTL_ENABLE_DEBUG_INFO = YES;
				ONLY_ACTIVE_ARCH = YES;
				SDKROOT = macosx;
			};
			name = Debug;
		};
		73D5058A1DA5EAC400044309 /* Release */ = {
			isa = XCBuildConfiguration;
			buildSettings = {
				ALWAYS_SEARCH_USER_PATHS = NO;
				CLANG_ANALYZER_NONNULL = YES;
				CLANG_CXX_LANGUAGE_STANDARD = "gnu++0x";
				CLANG_CXX_LIBRARY = "libc++";
				CLANG_ENABLE_MODULES = YES;
				CLANG_ENABLE_OBJC_ARC = YES;
				CLANG_WARN_BOOL_CONVERSION = YES;
				CLANG_WARN_CONSTANT_CONVERSION = YES;
				CLANG_WARN_DIRECT_OBJC_ISA_USAGE = YES_ERROR;
				CLANG_WARN_DOCUMENTATION_COMMENTS = YES;
				CLANG_WARN_EMPTY_BODY = YES;
				CLANG_WARN_ENUM_CONVERSION = YES;
				CLANG_WARN_INFINITE_RECURSION = YES;
				CLANG_WARN_INT_CONVERSION = YES;
				CLANG_WARN_OBJC_ROOT_CLASS = YES_ERROR;
				CLANG_WARN_SUSPICIOUS_MOVES = YES;
				CLANG_WARN_UNREACHABLE_CODE = YES;
				CLANG_WARN__DUPLICATE_METHOD_MATCH = YES;
				CODE_SIGN_IDENTITY = "-";
				COPY_PHASE_STRIP = NO;
				DEBUG_INFORMATION_FORMAT = "dwarf-with-dsym";
				ENABLE_NS_ASSERTIONS = NO;
				ENABLE_STRICT_OBJC_MSGSEND = YES;
				GCC_C_LANGUAGE_STANDARD = gnu99;
				GCC_NO_COMMON_BLOCKS = YES;
				GCC_WARN_64_TO_32_BIT_CONVERSION = YES;
				GCC_WARN_ABOUT_RETURN_TYPE = YES_ERROR;
				GCC_WARN_UNDECLARED_SELECTOR = YES;
				GCC_WARN_UNINITIALIZED_AUTOS = YES_AGGRESSIVE;
				GCC_WARN_UNUSED_FUNCTION = YES;
				GCC_WARN_UNUSED_VARIABLE = YES;
				MACOSX_DEPLOYMENT_TARGET = 10.12;
				MTL_ENABLE_DEBUG_INFO = NO;
				SDKROOT = macosx;
			};
			name = Release;
		};
		73D5058C1DA5EAC400044309 /* Debug */ = {
			isa = XCBuildConfiguration;
			buildSettings = {
				PRODUCT_NAME = "$(TARGET_NAME)";
			};
			name = Debug;
		};
		73D5058D1DA5EAC400044309 /* Release */ = {
			isa = XCBuildConfiguration;
			buildSettings = {
				PRODUCT_NAME = "$(TARGET_NAME)";
			};
			name = Release;
		};
/* End XCBuildConfiguration section */

/* Begin XCConfigurationList section */
		73D5057F1DA5EAC400044309 /* Build configuration list for PBXProject "Stack" */ = {
			isa = XCConfigurationList;
			buildConfigurations = (
				73D505891DA5EAC400044309 /* Debug */,
				73D5058A1DA5EAC400044309 /* Release */,
			);
			defaultConfigurationIsVisible = 0;
			defaultConfigurationName = Release;
		};
		73D5058B1DA5EAC400044309 /* Build configuration list for PBXNativeTarget "Stack" */ = {
			isa = XCConfigurationList;
			buildConfigurations = (
				73D5058C1DA5EAC400044309 /* Debug */,
				73D5058D1DA5EAC400044309 /* Release */,
			);
			defaultConfigurationIsVisible = 0;
			defaultConfigurationName = Release;
		};
/* End XCConfigurationList section */
	};
	rootObject = 73D5057C1DA5EAC400044309 /* Project object */;
}
